// !$*UTF8*$!
{
	archiveVersion = 1;
	classes = {
	};
	objectVersion = 46;
	objects = {

/* Begin PBXBuildFile section */
		C7101D29186F7129006AC00B /* MGPCommandSpec.m in Sources */ = {isa = PBXBuildFile; fileRef = C7101D28186F7129006AC00B /* MGPCommandSpec.m */; };
		C7101D2B186F716F006AC00B /* MGPCommandHandlerSpec.m in Sources */ = {isa = PBXBuildFile; fileRef = C7101D2A186F716F006AC00B /* MGPCommandHandlerSpec.m */; };
		C71A3FAF188846A60034C838 /* MGPSubCommandHandler.h in Headers */ = {isa = PBXBuildFile; fileRef = C71A3FAC188846A60034C838 /* MGPSubCommandHandler.h */; settings = {ATTRIBUTES = (Public, ); }; };
		C71A3FB0188846A60034C838 /* MGPSubCommandHandler.m in Sources */ = {isa = PBXBuildFile; fileRef = C71A3FAD188846A60034C838 /* MGPSubCommandHandler.m */; };
		C71A3FB1188846A60034C838 /* MGPSubCommandHandler.m in Sources */ = {isa = PBXBuildFile; fileRef = C71A3FAD188846A60034C838 /* MGPSubCommandHandler.m */; };
		C71A3FB2188846A60034C838 /* MGPSubCommandHandler+Private.h in Headers */ = {isa = PBXBuildFile; fileRef = C71A3FAE188846A60034C838 /* MGPSubCommandHandler+Private.h */; settings = {ATTRIBUTES = (Private, ); }; };
		C71A3FCD1888536C0034C838 /* MGPCommandBus+Private.h in Headers */ = {isa = PBXBuildFile; fileRef = C76B93C717C5857800624CFD /* MGPCommandBus+Private.h */; settings = {ATTRIBUTES = (Private, ); }; };
		C729DCFB18D48E08006BC68D /* UIApplication+MGPCommandBus.h in CopyFiles */ = {isa = PBXBuildFile; fileRef = C79860821866650300D9617B /* UIApplication+MGPCommandBus.h */; };
		C729DCFD18D48E10006BC68D /* MGPCommandBus.h in CopyFiles */ = {isa = PBXBuildFile; fileRef = C76B93C817C5857800624CFD /* MGPCommandBus.h */; };
		C729DCFE18D48E13006BC68D /* MGPCommandHandler.h in CopyFiles */ = {isa = PBXBuildFile; fileRef = C76B93CA17C5857800624CFD /* MGPCommandHandler.h */; };
		C729DCFF18D48E15006BC68D /* MGPSubCommandHandler.h in CopyFiles */ = {isa = PBXBuildFile; fileRef = C71A3FAC188846A60034C838 /* MGPSubCommandHandler.h */; };
		C72F820F1927E2AC00A74870 /* MGPAsynchronousCommandOperation.h in Headers */ = {isa = PBXBuildFile; fileRef = C72F820D1927E2AC00A74870 /* MGPAsynchronousCommandOperation.h */; };
		C72F82101927E2AC00A74870 /* MGPAsynchronousCommandOperation.m in Sources */ = {isa = PBXBuildFile; fileRef = C72F820E1927E2AC00A74870 /* MGPAsynchronousCommandOperation.m */; };
		C72F82111927E2AC00A74870 /* MGPAsynchronousCommandOperation.m in Sources */ = {isa = PBXBuildFile; fileRef = C72F820E1927E2AC00A74870 /* MGPAsynchronousCommandOperation.m */; };
		C72F82141927E2E500A74870 /* MGPSynchronousCommandOperation.h in Headers */ = {isa = PBXBuildFile; fileRef = C72F82121927E2E500A74870 /* MGPSynchronousCommandOperation.h */; };
		C72F82151927E2E500A74870 /* MGPSynchronousCommandOperation.m in Sources */ = {isa = PBXBuildFile; fileRef = C72F82131927E2E500A74870 /* MGPSynchronousCommandOperation.m */; };
		C72F82161927E2E500A74870 /* MGPSynchronousCommandOperation.m in Sources */ = {isa = PBXBuildFile; fileRef = C72F82131927E2E500A74870 /* MGPSynchronousCommandOperation.m */; };
		C73DA4C7186F8A3D00F731C7 /* MGPCommandBusHandlersSpec.m in Sources */ = {isa = PBXBuildFile; fileRef = C7C3BC3E186F80A600AB1D4B /* MGPCommandBusHandlersSpec.m */; };
		C73DA4EF1870ACA500F731C7 /* TestHelpers.m in Sources */ = {isa = PBXBuildFile; fileRef = C7C3BC41186F810B00AB1D4B /* TestHelpers.m */; };
		C78B5B0D192916C600949D74 /* XCTest.framework in Frameworks */ = {isa = PBXBuildFile; fileRef = C76B93E517C5858E00624CFD /* XCTest.framework */; };
		C78B5B3E192917BF00949D74 /* libSpecta-OSX.a in Frameworks */ = {isa = PBXBuildFile; fileRef = C78B5B39192917B600949D74 /* libSpecta-OSX.a */; };
		C78B5B3F192917C400949D74 /* libExpecta.a in Frameworks */ = {isa = PBXBuildFile; fileRef = C78B5B26192917B000949D74 /* libExpecta.a */; };
		C78B5B40192917D300949D74 /* MGPCommandBus.framework in Frameworks */ = {isa = PBXBuildFile; fileRef = C7C681331883B6D3006D4711 /* MGPCommandBus.framework */; };
		C78B5B41192917E600949D74 /* Foundation.framework in Frameworks */ = {isa = PBXBuildFile; fileRef = C7C681371883B6D3006D4711 /* Foundation.framework */; };
		C78B5B421929181700949D74 /* MGPCommandBusHandlersSpec.m in Sources */ = {isa = PBXBuildFile; fileRef = C7C3BC3E186F80A600AB1D4B /* MGPCommandBusHandlersSpec.m */; };
		C78B5B431929181D00949D74 /* MGPCommandBusSpec.m in Sources */ = {isa = PBXBuildFile; fileRef = C791BE82186F4243005453E6 /* MGPCommandBusSpec.m */; };
		C78B5B441929182000949D74 /* MGPCommandHandlerSpec.m in Sources */ = {isa = PBXBuildFile; fileRef = C7101D2A186F716F006AC00B /* MGPCommandHandlerSpec.m */; };
		C78B5B451929182300949D74 /* MGPCommandSpec.m in Sources */ = {isa = PBXBuildFile; fileRef = C7101D28186F7129006AC00B /* MGPCommandSpec.m */; };
		C78B5B461929182600949D74 /* TestHelpers.m in Sources */ = {isa = PBXBuildFile; fileRef = C7C3BC41186F810B00AB1D4B /* TestHelpers.m */; };
		C791BE83186F4243005453E6 /* MGPCommandBusSpec.m in Sources */ = {isa = PBXBuildFile; fileRef = C791BE82186F4243005453E6 /* MGPCommandBusSpec.m */; };
		C7A9B0B51983024400B26247 /* MGPHTTPDataUploadRequestHandler.h in Headers */ = {isa = PBXBuildFile; fileRef = C7A9B0B31983024400B26247 /* MGPHTTPDataUploadRequestHandler.h */; };
		C7A9B0B61983024400B26247 /* MGPHTTPDataUploadRequestHandler.m in Sources */ = {isa = PBXBuildFile; fileRef = C7A9B0B41983024400B26247 /* MGPHTTPDataUploadRequestHandler.m */; };
		C7A9B0B71983024400B26247 /* MGPHTTPDataUploadRequestHandler.m in Sources */ = {isa = PBXBuildFile; fileRef = C7A9B0B41983024400B26247 /* MGPHTTPDataUploadRequestHandler.m */; };
		C7C3BC3D186F7A2900AB1D4B /* MGPCommandOperation.m in Sources */ = {isa = PBXBuildFile; fileRef = C7C3BC3C186F7A2900AB1D4B /* MGPCommandOperation.m */; };
		C7C6815D1883B77B006D4711 /* MGPCommandBus.h in Headers */ = {isa = PBXBuildFile; fileRef = C76B93C817C5857800624CFD /* MGPCommandBus.h */; settings = {ATTRIBUTES = (Public, ); }; };
		C7C6815E1883B77B006D4711 /* MGPCommandHandler.h in Headers */ = {isa = PBXBuildFile; fileRef = C76B93CA17C5857800624CFD /* MGPCommandHandler.h */; settings = {ATTRIBUTES = (Public, ); }; };
		C7C681601883B788006D4711 /* MGPCommandOperation.m in Sources */ = {isa = PBXBuildFile; fileRef = C7C3BC3C186F7A2900AB1D4B /* MGPCommandOperation.m */; };
		C7C681611883B788006D4711 /* MGPCommandBus.m in Sources */ = {isa = PBXBuildFile; fileRef = C76B93C917C5857800624CFD /* MGPCommandBus.m */; };
		C7C681651883B894006D4711 /* NSApplication+MGPCommandBus.m in Sources */ = {isa = PBXBuildFile; fileRef = C7C681631883B841006D4711 /* NSApplication+MGPCommandBus.m */; };
		C7C681661883B8A7006D4711 /* NSApplication+MGPCommandBus.h in Headers */ = {isa = PBXBuildFile; fileRef = C7C681621883B841006D4711 /* NSApplication+MGPCommandBus.h */; settings = {ATTRIBUTES = (Public, ); }; };
		C7C6816D1883BA28006D4711 /* Cocoa.framework in Frameworks */ = {isa = PBXBuildFile; fileRef = C7C681341883B6D3006D4711 /* Cocoa.framework */; };
		C7F5450E18666F42000A7BB5 /* Foundation.framework in Frameworks */ = {isa = PBXBuildFile; fileRef = C76B93D717C5858E00624CFD /* Foundation.framework */; };
		C7F5451B18666F42000A7BB5 /* XCTest.framework in Frameworks */ = {isa = PBXBuildFile; fileRef = C76B93E517C5858E00624CFD /* XCTest.framework */; };
		C7F5451C18666F42000A7BB5 /* Foundation.framework in Frameworks */ = {isa = PBXBuildFile; fileRef = C76B93D717C5858E00624CFD /* Foundation.framework */; };
		C7F5451D18666F42000A7BB5 /* UIKit.framework in Frameworks */ = {isa = PBXBuildFile; fileRef = C79860851866653900D9617B /* UIKit.framework */; };
		C7F5452018666F42000A7BB5 /* libMGPCommandBus-iOS.a in Frameworks */ = {isa = PBXBuildFile; fileRef = C7F5450D18666F42000A7BB5 /* libMGPCommandBus-iOS.a */; };
		C7F5452F18666FF7000A7BB5 /* UIApplication+MGPCommandBus.m in Sources */ = {isa = PBXBuildFile; fileRef = C79860831866650300D9617B /* UIApplication+MGPCommandBus.m */; };
		C7F5453018666FF7000A7BB5 /* MGPCommandBus.m in Sources */ = {isa = PBXBuildFile; fileRef = C76B93C917C5857800624CFD /* MGPCommandBus.m */; };
		C7FC107E197ECE1400E7C9C1 /* MGPHTTPCommandHandler.h in Headers */ = {isa = PBXBuildFile; fileRef = C7FC1074197ECE1400E7C9C1 /* MGPHTTPCommandHandler.h */; };
		C7FC107F197ECE1400E7C9C1 /* MGPHTTPCommandHandler.m in Sources */ = {isa = PBXBuildFile; fileRef = C7FC1075197ECE1400E7C9C1 /* MGPHTTPCommandHandler.m */; };
		C7FC1080197ECE1400E7C9C1 /* MGPHTTPCommandHandler.m in Sources */ = {isa = PBXBuildFile; fileRef = C7FC1075197ECE1400E7C9C1 /* MGPHTTPCommandHandler.m */; };
		C7FC1081197ECE1400E7C9C1 /* MGPHTTPCommandHandler+Private.h in Headers */ = {isa = PBXBuildFile; fileRef = C7FC1076197ECE1400E7C9C1 /* MGPHTTPCommandHandler+Private.h */; };
		C7FC1082197ECE1400E7C9C1 /* MGPHTTPDataRequestHandler.h in Headers */ = {isa = PBXBuildFile; fileRef = C7FC1077197ECE1400E7C9C1 /* MGPHTTPDataRequestHandler.h */; };
		C7FC1083197ECE1400E7C9C1 /* MGPHTTPDataRequestHandler.m in Sources */ = {isa = PBXBuildFile; fileRef = C7FC1078197ECE1400E7C9C1 /* MGPHTTPDataRequestHandler.m */; };
		C7FC1084197ECE1400E7C9C1 /* MGPHTTPDataRequestHandler.m in Sources */ = {isa = PBXBuildFile; fileRef = C7FC1078197ECE1400E7C9C1 /* MGPHTTPDataRequestHandler.m */; };
		C7FC1085197ECE1400E7C9C1 /* MGPHTTPImageRequestHandler.h in Headers */ = {isa = PBXBuildFile; fileRef = C7FC1079197ECE1400E7C9C1 /* MGPHTTPImageRequestHandler.h */; };
		C7FC1086197ECE1400E7C9C1 /* MGPHTTPImageRequestHandler.m in Sources */ = {isa = PBXBuildFile; fileRef = C7FC107A197ECE1400E7C9C1 /* MGPHTTPImageRequestHandler.m */; };
		C7FC1087197ECE1400E7C9C1 /* MGPHTTPImageRequestHandler.m in Sources */ = {isa = PBXBuildFile; fileRef = C7FC107A197ECE1400E7C9C1 /* MGPHTTPImageRequestHandler.m */; };
		C7FC1088197ECE1400E7C9C1 /* MGPHTTPRequestHandler.h in Headers */ = {isa = PBXBuildFile; fileRef = C7FC107B197ECE1400E7C9C1 /* MGPHTTPRequestHandler.h */; };
		C7FC1089197ECE1400E7C9C1 /* MGPHTTPRequestHandler.m in Sources */ = {isa = PBXBuildFile; fileRef = C7FC107C197ECE1400E7C9C1 /* MGPHTTPRequestHandler.m */; };
		C7FC108A197ECE1400E7C9C1 /* MGPHTTPRequestHandler.m in Sources */ = {isa = PBXBuildFile; fileRef = C7FC107C197ECE1400E7C9C1 /* MGPHTTPRequestHandler.m */; };
		C7FC108B197ECE1400E7C9C1 /* MGPHTTPRequestHandler+Private.h in Headers */ = {isa = PBXBuildFile; fileRef = C7FC107D197ECE1400E7C9C1 /* MGPHTTPRequestHandler+Private.h */; };
		C7FC1094197ECF1900E7C9C1 /* MGPCommand+Private.h in Headers */ = {isa = PBXBuildFile; fileRef = C7FC108D197ECF1900E7C9C1 /* MGPCommand+Private.h */; };
		C7FC1095197ECF1900E7C9C1 /* MGPCommand.h in Headers */ = {isa = PBXBuildFile; fileRef = C7FC108E197ECF1900E7C9C1 /* MGPCommand.h */; };
		C7FC1096197ECF1900E7C9C1 /* MGPCommand.m in Sources */ = {isa = PBXBuildFile; fileRef = C7FC108F197ECF1900E7C9C1 /* MGPCommand.m */; };
		C7FC1097197ECF1900E7C9C1 /* MGPCommand.m in Sources */ = {isa = PBXBuildFile; fileRef = C7FC108F197ECF1900E7C9C1 /* MGPCommand.m */; };
		C7FC1098197ECF1900E7C9C1 /* MGPHTTPCommand.h in Headers */ = {isa = PBXBuildFile; fileRef = C7FC1090197ECF1900E7C9C1 /* MGPHTTPCommand.h */; };
		C7FC1099197ECF1900E7C9C1 /* MGPHTTPCommand.m in Sources */ = {isa = PBXBuildFile; fileRef = C7FC1091197ECF1900E7C9C1 /* MGPHTTPCommand.m */; };
		C7FC109A197ECF1900E7C9C1 /* MGPHTTPCommand.m in Sources */ = {isa = PBXBuildFile; fileRef = C7FC1091197ECF1900E7C9C1 /* MGPHTTPCommand.m */; };
		C7FC109B197ECF1900E7C9C1 /* MGPHTTPImageCommand.h in Headers */ = {isa = PBXBuildFile; fileRef = C7FC1092197ECF1900E7C9C1 /* MGPHTTPImageCommand.h */; };
		C7FC109C197ECF1900E7C9C1 /* MGPHTTPImageCommand.m in Sources */ = {isa = PBXBuildFile; fileRef = C7FC1093197ECF1900E7C9C1 /* MGPHTTPImageCommand.m */; };
		C7FC109D197ECF1900E7C9C1 /* MGPHTTPImageCommand.m in Sources */ = {isa = PBXBuildFile; fileRef = C7FC1093197ECF1900E7C9C1 /* MGPHTTPImageCommand.m */; };
		C7FC10A0197ECF5E00E7C9C1 /* NSNumber+HTTPStatusAdditions.h in Headers */ = {isa = PBXBuildFile; fileRef = C7FC109E197ECF5E00E7C9C1 /* NSNumber+HTTPStatusAdditions.h */; };
		C7FC10A1197ECF5E00E7C9C1 /* NSNumber+HTTPStatusAdditions.m in Sources */ = {isa = PBXBuildFile; fileRef = C7FC109F197ECF5E00E7C9C1 /* NSNumber+HTTPStatusAdditions.m */; };
		C7FC10A2197ECF5E00E7C9C1 /* NSNumber+HTTPStatusAdditions.m in Sources */ = {isa = PBXBuildFile; fileRef = C7FC109F197ECF5E00E7C9C1 /* NSNumber+HTTPStatusAdditions.m */; };
		C7FC10CB197ED8BC00E7C9C1 /* MGPNetworkCommandHandler.h in Headers */ = {isa = PBXBuildFile; fileRef = C7FC10C9197ED8BC00E7C9C1 /* MGPNetworkCommandHandler.h */; };
		C7FC10CC197ED8BC00E7C9C1 /* MGPNetworkCommandHandler.m in Sources */ = {isa = PBXBuildFile; fileRef = C7FC10CA197ED8BC00E7C9C1 /* MGPNetworkCommandHandler.m */; };
		C7FC10CD197ED8BC00E7C9C1 /* MGPNetworkCommandHandler.m in Sources */ = {isa = PBXBuildFile; fileRef = C7FC10CA197ED8BC00E7C9C1 /* MGPNetworkCommandHandler.m */; };
		C7FC10D6197ED91200E7C9C1 /* KSReachability.h in Headers */ = {isa = PBXBuildFile; fileRef = C7FC10D4197ED91200E7C9C1 /* KSReachability.h */; };
		C7FC10D7197ED91200E7C9C1 /* KSReachability.m in Sources */ = {isa = PBXBuildFile; fileRef = C7FC10D5197ED91200E7C9C1 /* KSReachability.m */; };
		C7FC10D8197ED91200E7C9C1 /* KSReachability.m in Sources */ = {isa = PBXBuildFile; fileRef = C7FC10D5197ED91200E7C9C1 /* KSReachability.m */; };
/* End PBXBuildFile section */

/* Begin PBXContainerItemProxy section */
		C78B5B17192916C700949D74 /* PBXContainerItemProxy */ = {
			isa = PBXContainerItemProxy;
			containerPortal = C75F131717C58555008B622B /* Project object */;
			proxyType = 1;
			remoteGlobalIDString = C7C681321883B6D3006D4711;
			remoteInfo = MGPCommandBus;
		};
		C78B5B25192917B000949D74 /* PBXContainerItemProxy */ = {
			isa = PBXContainerItemProxy;
			containerPortal = C78B5B1D192917B000949D74 /* Expecta.xcodeproj */;
			proxyType = 2;
			remoteGlobalIDString = E9ACDF0C13B2DD520010F4D7;
			remoteInfo = Expecta;
		};
		C78B5B27192917B000949D74 /* PBXContainerItemProxy */ = {
			isa = PBXContainerItemProxy;
			containerPortal = C78B5B1D192917B000949D74 /* Expecta.xcodeproj */;
			proxyType = 2;
			remoteGlobalIDString = E93067CE13B2E6D100EA26FF;
			remoteInfo = "Expecta-iOS";
		};
		C78B5B29192917B000949D74 /* PBXContainerItemProxy */ = {
			isa = PBXContainerItemProxy;
			containerPortal = C78B5B1D192917B000949D74 /* Expecta.xcodeproj */;
			proxyType = 2;
			remoteGlobalIDString = E9ACDF1D13B2DD520010F4D7;
			remoteInfo = ExpectaTests;
		};
		C78B5B2B192917B000949D74 /* PBXContainerItemProxy */ = {
			isa = PBXContainerItemProxy;
			containerPortal = C78B5B1D192917B000949D74 /* Expecta.xcodeproj */;
			proxyType = 2;
			remoteGlobalIDString = E93067DA13B2E6D100EA26FF;
			remoteInfo = "Expecta-iOSTests";
		};
		C78B5B2D192917B000949D74 /* PBXContainerItemProxy */ = {
			isa = PBXContainerItemProxy;
			containerPortal = C78B5B1D192917B000949D74 /* Expecta.xcodeproj */;
			proxyType = 2;
			remoteGlobalIDString = 9C4416F917FF3F4A00978F09;
			remoteInfo = "ExpectaTests-XCTest";
		};
		C78B5B36192917B600949D74 /* PBXContainerItemProxy */ = {
			isa = PBXContainerItemProxy;
			containerPortal = C78B5B2F192917B500949D74 /* Specta.xcodeproj */;
			proxyType = 2;
			remoteGlobalIDString = E9901BFD18205A3500844A05;
			remoteInfo = "Specta-iOS";
		};
		C78B5B38192917B600949D74 /* PBXContainerItemProxy */ = {
			isa = PBXContainerItemProxy;
			containerPortal = C78B5B2F192917B500949D74 /* Specta.xcodeproj */;
			proxyType = 2;
			remoteGlobalIDString = E9901C2A18205AB100844A05;
			remoteInfo = "Specta-OSX";
		};
		C78B5B3A192917B600949D74 /* PBXContainerItemProxy */ = {
			isa = PBXContainerItemProxy;
			containerPortal = C78B5B2F192917B500949D74 /* Specta.xcodeproj */;
			proxyType = 2;
			remoteGlobalIDString = E9901C0D18205A3500844A05;
			remoteInfo = "SpectaTests-iOS";
		};
		C78B5B3C192917B600949D74 /* PBXContainerItemProxy */ = {
			isa = PBXContainerItemProxy;
			containerPortal = C78B5B2F192917B500949D74 /* Specta.xcodeproj */;
			proxyType = 2;
			remoteGlobalIDString = E9901C3B18205AB100844A05;
			remoteInfo = "Specta-OSXTests";
		};
		C78B5B4919291AE300949D74 /* PBXContainerItemProxy */ = {
			isa = PBXContainerItemProxy;
			containerPortal = C78B5B2F192917B500949D74 /* Specta.xcodeproj */;
			proxyType = 1;
			remoteGlobalIDString = E9901C2918205AB100844A05;
			remoteInfo = "Specta-OSX";
		};
		C78B5B4B19291AE300949D74 /* PBXContainerItemProxy */ = {
			isa = PBXContainerItemProxy;
			containerPortal = C78B5B1D192917B000949D74 /* Expecta.xcodeproj */;
			proxyType = 1;
			remoteGlobalIDString = E9ACDF0B13B2DD520010F4D7;
			remoteInfo = Expecta;
		};
		C78B5B4D19291AEC00949D74 /* PBXContainerItemProxy */ = {
			isa = PBXContainerItemProxy;
			containerPortal = C78B5B2F192917B500949D74 /* Specta.xcodeproj */;
			proxyType = 1;
			remoteGlobalIDString = E9901BFC18205A3500844A05;
			remoteInfo = "Specta-iOS";
		};
		C78B5B4F19291AEC00949D74 /* PBXContainerItemProxy */ = {
			isa = PBXContainerItemProxy;
			containerPortal = C78B5B1D192917B000949D74 /* Expecta.xcodeproj */;
			proxyType = 1;
			remoteGlobalIDString = E93067CD13B2E6D100EA26FF;
			remoteInfo = "Expecta-iOS";
		};
		C7F5451E18666F42000A7BB5 /* PBXContainerItemProxy */ = {
			isa = PBXContainerItemProxy;
			containerPortal = C75F131717C58555008B622B /* Project object */;
			proxyType = 1;
			remoteGlobalIDString = C7F5450C18666F42000A7BB5;
			remoteInfo = IKBCommandBus;
		};
/* End PBXContainerItemProxy section */

/* Begin PBXCopyFilesBuildPhase section */
		C7F5450B18666F42000A7BB5 /* CopyFiles */ = {
			isa = PBXCopyFilesBuildPhase;
			buildActionMask = 2147483647;
			dstPath = "include/$(PRODUCT_NAME)";
			dstSubfolderSpec = 16;
			files = (
				C729DCFB18D48E08006BC68D /* UIApplication+MGPCommandBus.h in CopyFiles */,
				C729DCFE18D48E13006BC68D /* MGPCommandHandler.h in CopyFiles */,
				C729DCFF18D48E15006BC68D /* MGPSubCommandHandler.h in CopyFiles */,
				C729DCFD18D48E10006BC68D /* MGPCommandBus.h in CopyFiles */,
			);
			runOnlyForDeploymentPostprocessing = 0;
		};
/* End PBXCopyFilesBuildPhase section */

/* Begin PBXFileReference section */
		C7101D28186F7129006AC00B /* MGPCommandSpec.m */ = {isa = PBXFileReference; fileEncoding = 4; lastKnownFileType = sourcecode.c.objc; path = MGPCommandSpec.m; sourceTree = "<group>"; };
		C7101D2A186F716F006AC00B /* MGPCommandHandlerSpec.m */ = {isa = PBXFileReference; fileEncoding = 4; lastKnownFileType = sourcecode.c.objc; path = MGPCommandHandlerSpec.m; sourceTree = "<group>"; };
		C71A3FAC188846A60034C838 /* MGPSubCommandHandler.h */ = {isa = PBXFileReference; fileEncoding = 4; lastKnownFileType = sourcecode.c.h; path = MGPSubCommandHandler.h; sourceTree = "<group>"; };
		C71A3FAD188846A60034C838 /* MGPSubCommandHandler.m */ = {isa = PBXFileReference; fileEncoding = 4; lastKnownFileType = sourcecode.c.objc; path = MGPSubCommandHandler.m; sourceTree = "<group>"; };
		C71A3FAE188846A60034C838 /* MGPSubCommandHandler+Private.h */ = {isa = PBXFileReference; fileEncoding = 4; lastKnownFileType = sourcecode.c.h; path = "MGPSubCommandHandler+Private.h"; sourceTree = "<group>"; };
		C72F820D1927E2AC00A74870 /* MGPAsynchronousCommandOperation.h */ = {isa = PBXFileReference; fileEncoding = 4; lastKnownFileType = sourcecode.c.h; path = MGPAsynchronousCommandOperation.h; sourceTree = "<group>"; };
		C72F820E1927E2AC00A74870 /* MGPAsynchronousCommandOperation.m */ = {isa = PBXFileReference; fileEncoding = 4; lastKnownFileType = sourcecode.c.objc; path = MGPAsynchronousCommandOperation.m; sourceTree = "<group>"; };
		C72F82121927E2E500A74870 /* MGPSynchronousCommandOperation.h */ = {isa = PBXFileReference; fileEncoding = 4; lastKnownFileType = sourcecode.c.h; path = MGPSynchronousCommandOperation.h; sourceTree = "<group>"; };
		C72F82131927E2E500A74870 /* MGPSynchronousCommandOperation.m */ = {isa = PBXFileReference; fileEncoding = 4; lastKnownFileType = sourcecode.c.objc; path = MGPSynchronousCommandOperation.m; sourceTree = "<group>"; };
		C76B93C717C5857800624CFD /* MGPCommandBus+Private.h */ = {isa = PBXFileReference; lastKnownFileType = sourcecode.c.h; path = "MGPCommandBus+Private.h"; sourceTree = "<group>"; };
		C76B93C817C5857800624CFD /* MGPCommandBus.h */ = {isa = PBXFileReference; lastKnownFileType = sourcecode.c.h; path = MGPCommandBus.h; sourceTree = "<group>"; };
		C76B93C917C5857800624CFD /* MGPCommandBus.m */ = {isa = PBXFileReference; lastKnownFileType = sourcecode.c.objc; path = MGPCommandBus.m; sourceTree = "<group>"; };
		C76B93CA17C5857800624CFD /* MGPCommandHandler.h */ = {isa = PBXFileReference; lastKnownFileType = sourcecode.c.h; path = MGPCommandHandler.h; sourceTree = "<group>"; };
		C76B93CD17C5857800624CFD /* en */ = {isa = PBXFileReference; lastKnownFileType = text.plist.strings; name = en; path = en.lproj/InfoPlist.strings; sourceTree = "<group>"; };
		C76B93CE17C5857800624CFD /* MGPCommandBus-Info.plist */ = {isa = PBXFileReference; lastKnownFileType = text.plist.xml; path = "MGPCommandBus-Info.plist"; sourceTree = "<group>"; };
		C76B93CF17C5857800624CFD /* MGPCommandBus-Prefix.pch */ = {isa = PBXFileReference; lastKnownFileType = sourcecode.c.h; path = "MGPCommandBus-Prefix.pch"; sourceTree = "<group>"; };
		C76B93D717C5858E00624CFD /* Foundation.framework */ = {isa = PBXFileReference; lastKnownFileType = wrapper.framework; name = Foundation.framework; path = System/Library/Frameworks/Foundation.framework; sourceTree = SDKROOT; };
		C76B93E517C5858E00624CFD /* XCTest.framework */ = {isa = PBXFileReference; lastKnownFileType = wrapper.framework; name = XCTest.framework; path = Library/Frameworks/XCTest.framework; sourceTree = DEVELOPER_DIR; };
		C76B93E817C5858E00624CFD /* UIKit.framework */ = {isa = PBXFileReference; lastKnownFileType = wrapper.framework; name = UIKit.framework; path = Library/Frameworks/UIKit.framework; sourceTree = DEVELOPER_DIR; };
		C76B940017C5862D00624CFD /* en */ = {isa = PBXFileReference; lastKnownFileType = text.plist.strings; name = en; path = en.lproj/InfoPlist.strings; sourceTree = "<group>"; };
		C78B5B0C192916C600949D74 /* MGPCommandBus Tests.xctest */ = {isa = PBXFileReference; explicitFileType = wrapper.cfbundle; includeInIndex = 0; path = "MGPCommandBus Tests.xctest"; sourceTree = BUILT_PRODUCTS_DIR; };
		C78B5B1D192917B000949D74 /* Expecta.xcodeproj */ = {isa = PBXFileReference; lastKnownFileType = "wrapper.pb-project"; name = Expecta.xcodeproj; path = expecta/Expecta.xcodeproj; sourceTree = "<group>"; };
		C78B5B2F192917B500949D74 /* Specta.xcodeproj */ = {isa = PBXFileReference; lastKnownFileType = "wrapper.pb-project"; name = Specta.xcodeproj; path = specta/Specta.xcodeproj; sourceTree = "<group>"; };
		C78B5B471929189A00949D74 /* MGPCommandBusTests-Prefix.pch */ = {isa = PBXFileReference; fileEncoding = 4; lastKnownFileType = sourcecode.c.h; path = "MGPCommandBusTests-Prefix.pch"; sourceTree = "<group>"; };
		C791BE82186F4243005453E6 /* MGPCommandBusSpec.m */ = {isa = PBXFileReference; fileEncoding = 4; lastKnownFileType = sourcecode.c.objc; path = MGPCommandBusSpec.m; sourceTree = "<group>"; };
		C79860821866650300D9617B /* UIApplication+MGPCommandBus.h */ = {isa = PBXFileReference; fileEncoding = 4; lastKnownFileType = sourcecode.c.h; path = "UIApplication+MGPCommandBus.h"; sourceTree = "<group>"; };
		C79860831866650300D9617B /* UIApplication+MGPCommandBus.m */ = {isa = PBXFileReference; fileEncoding = 4; lastKnownFileType = sourcecode.c.objc; path = "UIApplication+MGPCommandBus.m"; sourceTree = "<group>"; };
		C79860851866653900D9617B /* UIKit.framework */ = {isa = PBXFileReference; lastKnownFileType = wrapper.framework; name = UIKit.framework; path = Platforms/iPhoneOS.platform/Developer/SDKs/iPhoneOS7.1.sdk/System/Library/Frameworks/UIKit.framework; sourceTree = DEVELOPER_DIR; };
		C7A9B0B31983024400B26247 /* MGPHTTPDataUploadRequestHandler.h */ = {isa = PBXFileReference; fileEncoding = 4; lastKnownFileType = sourcecode.c.h; path = MGPHTTPDataUploadRequestHandler.h; sourceTree = "<group>"; };
		C7A9B0B41983024400B26247 /* MGPHTTPDataUploadRequestHandler.m */ = {isa = PBXFileReference; fileEncoding = 4; lastKnownFileType = sourcecode.c.objc; path = MGPHTTPDataUploadRequestHandler.m; sourceTree = "<group>"; };
		C7C3BC3B186F7A2900AB1D4B /* MGPCommandOperation.h */ = {isa = PBXFileReference; fileEncoding = 4; lastKnownFileType = sourcecode.c.h; path = MGPCommandOperation.h; sourceTree = "<group>"; };
		C7C3BC3C186F7A2900AB1D4B /* MGPCommandOperation.m */ = {isa = PBXFileReference; fileEncoding = 4; lastKnownFileType = sourcecode.c.objc; path = MGPCommandOperation.m; sourceTree = "<group>"; };
		C7C3BC3E186F80A600AB1D4B /* MGPCommandBusHandlersSpec.m */ = {isa = PBXFileReference; fileEncoding = 4; lastKnownFileType = sourcecode.c.objc; path = MGPCommandBusHandlersSpec.m; sourceTree = "<group>"; };
		C7C3BC40186F810B00AB1D4B /* TestHelpers.h */ = {isa = PBXFileReference; fileEncoding = 4; lastKnownFileType = sourcecode.c.h; path = TestHelpers.h; sourceTree = "<group>"; };
		C7C3BC41186F810B00AB1D4B /* TestHelpers.m */ = {isa = PBXFileReference; fileEncoding = 4; lastKnownFileType = sourcecode.c.objc; path = TestHelpers.m; sourceTree = "<group>"; };
		C7C494A2186F3D4900496A32 /* MGPCommandBusTests-Info.plist */ = {isa = PBXFileReference; fileEncoding = 4; lastKnownFileType = text.plist.xml; path = "MGPCommandBusTests-Info.plist"; sourceTree = "<group>"; };
		C7C681331883B6D3006D4711 /* MGPCommandBus.framework */ = {isa = PBXFileReference; explicitFileType = wrapper.framework; includeInIndex = 0; path = MGPCommandBus.framework; sourceTree = BUILT_PRODUCTS_DIR; };
		C7C681341883B6D3006D4711 /* Cocoa.framework */ = {isa = PBXFileReference; lastKnownFileType = wrapper.framework; name = Cocoa.framework; path = System/Library/Frameworks/Cocoa.framework; sourceTree = SDKROOT; };
		C7C681371883B6D3006D4711 /* Foundation.framework */ = {isa = PBXFileReference; lastKnownFileType = wrapper.framework; name = Foundation.framework; path = System/Library/Frameworks/Foundation.framework; sourceTree = SDKROOT; };
		C7C681381883B6D3006D4711 /* CoreData.framework */ = {isa = PBXFileReference; lastKnownFileType = wrapper.framework; name = CoreData.framework; path = System/Library/Frameworks/CoreData.framework; sourceTree = SDKROOT; };
		C7C681391883B6D3006D4711 /* AppKit.framework */ = {isa = PBXFileReference; lastKnownFileType = wrapper.framework; name = AppKit.framework; path = System/Library/Frameworks/AppKit.framework; sourceTree = SDKROOT; };
		C7C681621883B841006D4711 /* NSApplication+MGPCommandBus.h */ = {isa = PBXFileReference; fileEncoding = 4; lastKnownFileType = sourcecode.c.h; path = "NSApplication+MGPCommandBus.h"; sourceTree = "<group>"; };
		C7C681631883B841006D4711 /* NSApplication+MGPCommandBus.m */ = {isa = PBXFileReference; fileEncoding = 4; lastKnownFileType = sourcecode.c.objc; path = "NSApplication+MGPCommandBus.m"; sourceTree = "<group>"; };
		C7F5450D18666F42000A7BB5 /* libMGPCommandBus-iOS.a */ = {isa = PBXFileReference; explicitFileType = archive.ar; includeInIndex = 0; path = "libMGPCommandBus-iOS.a"; sourceTree = BUILT_PRODUCTS_DIR; };
		C7F5451A18666F42000A7BB5 /* MGPCommandBusTests-iOS.xctest */ = {isa = PBXFileReference; explicitFileType = wrapper.cfbundle; includeInIndex = 0; path = "MGPCommandBusTests-iOS.xctest"; sourceTree = BUILT_PRODUCTS_DIR; };
		C7FC1074197ECE1400E7C9C1 /* MGPHTTPCommandHandler.h */ = {isa = PBXFileReference; fileEncoding = 4; lastKnownFileType = sourcecode.c.h; path = MGPHTTPCommandHandler.h; sourceTree = "<group>"; };
		C7FC1075197ECE1400E7C9C1 /* MGPHTTPCommandHandler.m */ = {isa = PBXFileReference; fileEncoding = 4; lastKnownFileType = sourcecode.c.objc; path = MGPHTTPCommandHandler.m; sourceTree = "<group>"; };
		C7FC1076197ECE1400E7C9C1 /* MGPHTTPCommandHandler+Private.h */ = {isa = PBXFileReference; fileEncoding = 4; lastKnownFileType = sourcecode.c.h; path = "MGPHTTPCommandHandler+Private.h"; sourceTree = "<group>"; };
		C7FC1077197ECE1400E7C9C1 /* MGPHTTPDataRequestHandler.h */ = {isa = PBXFileReference; fileEncoding = 4; lastKnownFileType = sourcecode.c.h; path = MGPHTTPDataRequestHandler.h; sourceTree = "<group>"; };
		C7FC1078197ECE1400E7C9C1 /* MGPHTTPDataRequestHandler.m */ = {isa = PBXFileReference; fileEncoding = 4; lastKnownFileType = sourcecode.c.objc; path = MGPHTTPDataRequestHandler.m; sourceTree = "<group>"; };
		C7FC1079197ECE1400E7C9C1 /* MGPHTTPImageRequestHandler.h */ = {isa = PBXFileReference; fileEncoding = 4; lastKnownFileType = sourcecode.c.h; path = MGPHTTPImageRequestHandler.h; sourceTree = "<group>"; };
		C7FC107A197ECE1400E7C9C1 /* MGPHTTPImageRequestHandler.m */ = {isa = PBXFileReference; fileEncoding = 4; lastKnownFileType = sourcecode.c.objc; path = MGPHTTPImageRequestHandler.m; sourceTree = "<group>"; };
		C7FC107B197ECE1400E7C9C1 /* MGPHTTPRequestHandler.h */ = {isa = PBXFileReference; fileEncoding = 4; lastKnownFileType = sourcecode.c.h; path = MGPHTTPRequestHandler.h; sourceTree = "<group>"; };
		C7FC107C197ECE1400E7C9C1 /* MGPHTTPRequestHandler.m */ = {isa = PBXFileReference; fileEncoding = 4; lastKnownFileType = sourcecode.c.objc; path = MGPHTTPRequestHandler.m; sourceTree = "<group>"; };
		C7FC107D197ECE1400E7C9C1 /* MGPHTTPRequestHandler+Private.h */ = {isa = PBXFileReference; fileEncoding = 4; lastKnownFileType = sourcecode.c.h; path = "MGPHTTPRequestHandler+Private.h"; sourceTree = "<group>"; };
		C7FC108D197ECF1900E7C9C1 /* MGPCommand+Private.h */ = {isa = PBXFileReference; fileEncoding = 4; lastKnownFileType = sourcecode.c.h; path = "MGPCommand+Private.h"; sourceTree = "<group>"; };
		C7FC108E197ECF1900E7C9C1 /* MGPCommand.h */ = {isa = PBXFileReference; fileEncoding = 4; lastKnownFileType = sourcecode.c.h; path = MGPCommand.h; sourceTree = "<group>"; };
		C7FC108F197ECF1900E7C9C1 /* MGPCommand.m */ = {isa = PBXFileReference; fileEncoding = 4; lastKnownFileType = sourcecode.c.objc; path = MGPCommand.m; sourceTree = "<group>"; };
		C7FC1090197ECF1900E7C9C1 /* MGPHTTPCommand.h */ = {isa = PBXFileReference; fileEncoding = 4; lastKnownFileType = sourcecode.c.h; path = MGPHTTPCommand.h; sourceTree = "<group>"; };
		C7FC1091197ECF1900E7C9C1 /* MGPHTTPCommand.m */ = {isa = PBXFileReference; fileEncoding = 4; lastKnownFileType = sourcecode.c.objc; path = MGPHTTPCommand.m; sourceTree = "<group>"; };
		C7FC1092197ECF1900E7C9C1 /* MGPHTTPImageCommand.h */ = {isa = PBXFileReference; fileEncoding = 4; lastKnownFileType = sourcecode.c.h; path = MGPHTTPImageCommand.h; sourceTree = "<group>"; };
		C7FC1093197ECF1900E7C9C1 /* MGPHTTPImageCommand.m */ = {isa = PBXFileReference; fileEncoding = 4; lastKnownFileType = sourcecode.c.objc; path = MGPHTTPImageCommand.m; sourceTree = "<group>"; };
		C7FC109E197ECF5E00E7C9C1 /* NSNumber+HTTPStatusAdditions.h */ = {isa = PBXFileReference; fileEncoding = 4; lastKnownFileType = sourcecode.c.h; path = "NSNumber+HTTPStatusAdditions.h"; sourceTree = "<group>"; };
		C7FC109F197ECF5E00E7C9C1 /* NSNumber+HTTPStatusAdditions.m */ = {isa = PBXFileReference; fileEncoding = 4; lastKnownFileType = sourcecode.c.objc; path = "NSNumber+HTTPStatusAdditions.m"; sourceTree = "<group>"; };
		C7FC10C9197ED8BC00E7C9C1 /* MGPNetworkCommandHandler.h */ = {isa = PBXFileReference; fileEncoding = 4; lastKnownFileType = sourcecode.c.h; path = MGPNetworkCommandHandler.h; sourceTree = "<group>"; };
		C7FC10CA197ED8BC00E7C9C1 /* MGPNetworkCommandHandler.m */ = {isa = PBXFileReference; fileEncoding = 4; lastKnownFileType = sourcecode.c.objc; path = MGPNetworkCommandHandler.m; sourceTree = "<group>"; };
		C7FC10D4197ED91200E7C9C1 /* KSReachability.h */ = {isa = PBXFileReference; fileEncoding = 4; lastKnownFileType = sourcecode.c.h; name = KSReachability.h; path = Vendor/KSReachability/KSReachability.h; sourceTree = "<group>"; };
		C7FC10D5197ED91200E7C9C1 /* KSReachability.m */ = {isa = PBXFileReference; fileEncoding = 4; lastKnownFileType = sourcecode.c.objc; name = KSReachability.m; path = Vendor/KSReachability/KSReachability.m; sourceTree = "<group>"; };
/* End PBXFileReference section */

/* Begin PBXFrameworksBuildPhase section */
		C78B5B09192916C600949D74 /* Frameworks */ = {
			isa = PBXFrameworksBuildPhase;
			buildActionMask = 2147483647;
			files = (
				C78B5B41192917E600949D74 /* Foundation.framework in Frameworks */,
				C78B5B40192917D300949D74 /* MGPCommandBus.framework in Frameworks */,
				C78B5B0D192916C600949D74 /* XCTest.framework in Frameworks */,
				C78B5B3E192917BF00949D74 /* libSpecta-OSX.a in Frameworks */,
				C78B5B3F192917C400949D74 /* libExpecta.a in Frameworks */,
			);
			runOnlyForDeploymentPostprocessing = 0;
		};
		C7C6812F1883B6D3006D4711 /* Frameworks */ = {
			isa = PBXFrameworksBuildPhase;
			buildActionMask = 2147483647;
			files = (
				C7C6816D1883BA28006D4711 /* Cocoa.framework in Frameworks */,
			);
			runOnlyForDeploymentPostprocessing = 0;
		};
		C7F5450A18666F42000A7BB5 /* Frameworks */ = {
			isa = PBXFrameworksBuildPhase;
			buildActionMask = 2147483647;
			files = (
				C7F5450E18666F42000A7BB5 /* Foundation.framework in Frameworks */,
			);
			runOnlyForDeploymentPostprocessing = 0;
		};
		C7F5451718666F42000A7BB5 /* Frameworks */ = {
			isa = PBXFrameworksBuildPhase;
			buildActionMask = 2147483647;
			files = (
				C7F5451B18666F42000A7BB5 /* XCTest.framework in Frameworks */,
				C7F5451D18666F42000A7BB5 /* UIKit.framework in Frameworks */,
				C7F5451C18666F42000A7BB5 /* Foundation.framework in Frameworks */,
				C7F5452018666F42000A7BB5 /* libMGPCommandBus-iOS.a in Frameworks */,
			);
			runOnlyForDeploymentPostprocessing = 0;
		};
/* End PBXFrameworksBuildPhase section */

/* Begin PBXGroup section */
		C72F820C1927E28700A74870 /* Command Operations */ = {
			isa = PBXGroup;
			children = (
				C7C3BC3B186F7A2900AB1D4B /* MGPCommandOperation.h */,
				C7C3BC3C186F7A2900AB1D4B /* MGPCommandOperation.m */,
				C72F82121927E2E500A74870 /* MGPSynchronousCommandOperation.h */,
				C72F82131927E2E500A74870 /* MGPSynchronousCommandOperation.m */,
				C72F820D1927E2AC00A74870 /* MGPAsynchronousCommandOperation.h */,
				C72F820E1927E2AC00A74870 /* MGPAsynchronousCommandOperation.m */,
			);
			name = "Command Operations";
			sourceTree = "<group>";
		};
		C75F131617C58555008B622B = {
			isa = PBXGroup;
			children = (
				C76B93C517C5857800624CFD /* Library */,
				C76B93FB17C5862D00624CFD /* Tests */,
				C7FC10D3197ED90100E7C9C1 /* Vendor */,
				C76B93D617C5858E00624CFD /* Frameworks */,
				C76B93D517C5858E00624CFD /* Products */,
			);
			sourceTree = "<group>";
		};
		C76B93C517C5857800624CFD /* Library */ = {
			isa = PBXGroup;
			children = (
				C7FC109E197ECF5E00E7C9C1 /* NSNumber+HTTPStatusAdditions.h */,
				C7FC109F197ECF5E00E7C9C1 /* NSNumber+HTTPStatusAdditions.m */,
				C7FC108C197ECF1900E7C9C1 /* Commands */,
				C76B93C817C5857800624CFD /* MGPCommandBus.h */,
				C76B93C717C5857800624CFD /* MGPCommandBus+Private.h */,
				C76B93C917C5857800624CFD /* MGPCommandBus.m */,
				C72F820C1927E28700A74870 /* Command Operations */,
				C76B93CA17C5857800624CFD /* MGPCommandHandler.h */,
				C7FC1073197ECDEC00E7C9C1 /* Handlers */,
				C78B5B5119292C1200949D74 /* Application Hooks */,
				C76B93CB17C5857800624CFD /* Support */,
			);
			path = Library;
			sourceTree = "<group>";
		};
		C76B93CB17C5857800624CFD /* Support */ = {
			isa = PBXGroup;
			children = (
				C76B93CC17C5857800624CFD /* InfoPlist.strings */,
				C76B93CE17C5857800624CFD /* MGPCommandBus-Info.plist */,
				C76B93CF17C5857800624CFD /* MGPCommandBus-Prefix.pch */,
			);
			path = Support;
			sourceTree = "<group>";
		};
		C76B93D517C5858E00624CFD /* Products */ = {
			isa = PBXGroup;
			children = (
				C7F5450D18666F42000A7BB5 /* libMGPCommandBus-iOS.a */,
				C7F5451A18666F42000A7BB5 /* MGPCommandBusTests-iOS.xctest */,
				C7C681331883B6D3006D4711 /* MGPCommandBus.framework */,
				C78B5B0C192916C600949D74 /* MGPCommandBus Tests.xctest */,
			);
			name = Products;
			sourceTree = "<group>";
		};
		C76B93D617C5858E00624CFD /* Frameworks */ = {
			isa = PBXGroup;
			children = (
				C79860851866653900D9617B /* UIKit.framework */,
				C76B93D717C5858E00624CFD /* Foundation.framework */,
				C76B93E517C5858E00624CFD /* XCTest.framework */,
				C76B93E817C5858E00624CFD /* UIKit.framework */,
				C7C681341883B6D3006D4711 /* Cocoa.framework */,
				C7C681361883B6D3006D4711 /* Other Frameworks */,
			);
			name = Frameworks;
			sourceTree = "<group>";
		};
		C76B93FB17C5862D00624CFD /* Tests */ = {
			isa = PBXGroup;
			children = (
				C791BE82186F4243005453E6 /* MGPCommandBusSpec.m */,
				C7C3BC3E186F80A600AB1D4B /* MGPCommandBusHandlersSpec.m */,
				C7101D2A186F716F006AC00B /* MGPCommandHandlerSpec.m */,
				C7101D28186F7129006AC00B /* MGPCommandSpec.m */,
				C76B93FE17C5862D00624CFD /* Support */,
				C791BE3C186F41D0005453E6 /* Vendor */,
				C7C3BC40186F810B00AB1D4B /* TestHelpers.h */,
				C7C3BC41186F810B00AB1D4B /* TestHelpers.m */,
			);
			path = Tests;
			sourceTree = "<group>";
		};
		C76B93FE17C5862D00624CFD /* Support */ = {
			isa = PBXGroup;
			children = (
				C78B5B471929189A00949D74 /* MGPCommandBusTests-Prefix.pch */,
				C7C494A2186F3D4900496A32 /* MGPCommandBusTests-Info.plist */,
				C76B93FF17C5862D00624CFD /* InfoPlist.strings */,
			);
			path = Support;
			sourceTree = "<group>";
		};
		C78B5B1E192917B000949D74 /* Products */ = {
			isa = PBXGroup;
			children = (
				C78B5B26192917B000949D74 /* libExpecta.a */,
				C78B5B28192917B000949D74 /* libExpecta-iOS.a */,
				C78B5B2A192917B000949D74 /* ExpectaTests.octest */,
				C78B5B2C192917B000949D74 /* Expecta-iOSTests.octest */,
				C78B5B2E192917B000949D74 /* ExpectaTests-XCTest.xctest */,
			);
			name = Products;
			sourceTree = "<group>";
		};
		C78B5B30192917B500949D74 /* Products */ = {
			isa = PBXGroup;
			children = (
				C78B5B37192917B600949D74 /* libSpecta-iOS.a */,
				C78B5B39192917B600949D74 /* libSpecta-OSX.a */,
				C78B5B3B192917B600949D74 /* SpectaTests-iOS.xctest */,
				C78B5B3D192917B600949D74 /* Specta-OSXTests.xctest */,
			);
			name = Products;
			sourceTree = "<group>";
		};
		C78B5B5119292C1200949D74 /* Application Hooks */ = {
			isa = PBXGroup;
			children = (
				C7C681621883B841006D4711 /* NSApplication+MGPCommandBus.h */,
				C7C681631883B841006D4711 /* NSApplication+MGPCommandBus.m */,
				C79860821866650300D9617B /* UIApplication+MGPCommandBus.h */,
				C79860831866650300D9617B /* UIApplication+MGPCommandBus.m */,
			);
			name = "Application Hooks";
			sourceTree = "<group>";
		};
		C791BE3C186F41D0005453E6 /* Vendor */ = {
			isa = PBXGroup;
			children = (
				C78B5B2F192917B500949D74 /* Specta.xcodeproj */,
				C78B5B1D192917B000949D74 /* Expecta.xcodeproj */,
			);
			path = Vendor;
			sourceTree = "<group>";
		};
		C7C681361883B6D3006D4711 /* Other Frameworks */ = {
			isa = PBXGroup;
			children = (
				C7C681371883B6D3006D4711 /* Foundation.framework */,
				C7C681381883B6D3006D4711 /* CoreData.framework */,
				C7C681391883B6D3006D4711 /* AppKit.framework */,
			);
			name = "Other Frameworks";
			sourceTree = "<group>";
		};
		C7FC1073197ECDEC00E7C9C1 /* Handlers */ = {
			isa = PBXGroup;
			children = (
				C7FC1074197ECE1400E7C9C1 /* MGPHTTPCommandHandler.h */,
				C7FC1076197ECE1400E7C9C1 /* MGPHTTPCommandHandler+Private.h */,
				C7FC1075197ECE1400E7C9C1 /* MGPHTTPCommandHandler.m */,
				C7FC107B197ECE1400E7C9C1 /* MGPHTTPRequestHandler.h */,
				C7FC107D197ECE1400E7C9C1 /* MGPHTTPRequestHandler+Private.h */,
				C7FC107C197ECE1400E7C9C1 /* MGPHTTPRequestHandler.m */,
				C7FC1077197ECE1400E7C9C1 /* MGPHTTPDataRequestHandler.h */,
				C7FC1078197ECE1400E7C9C1 /* MGPHTTPDataRequestHandler.m */,
				C7A9B0B31983024400B26247 /* MGPHTTPDataUploadRequestHandler.h */,
				C7A9B0B41983024400B26247 /* MGPHTTPDataUploadRequestHandler.m */,
				C7FC1079197ECE1400E7C9C1 /* MGPHTTPImageRequestHandler.h */,
				C7FC107A197ECE1400E7C9C1 /* MGPHTTPImageRequestHandler.m */,
				C7FC10C9197ED8BC00E7C9C1 /* MGPNetworkCommandHandler.h */,
				C7FC10CA197ED8BC00E7C9C1 /* MGPNetworkCommandHandler.m */,
				C71A3FAC188846A60034C838 /* MGPSubCommandHandler.h */,
				C71A3FAE188846A60034C838 /* MGPSubCommandHandler+Private.h */,
				C71A3FAD188846A60034C838 /* MGPSubCommandHandler.m */,
			);
			path = Handlers;
			sourceTree = "<group>";
		};
		C7FC108C197ECF1900E7C9C1 /* Commands */ = {
			isa = PBXGroup;
			children = (
				C7FC108D197ECF1900E7C9C1 /* MGPCommand+Private.h */,
				C7FC108E197ECF1900E7C9C1 /* MGPCommand.h */,
				C7FC108F197ECF1900E7C9C1 /* MGPCommand.m */,
				C7FC1090197ECF1900E7C9C1 /* MGPHTTPCommand.h */,
				C7FC1091197ECF1900E7C9C1 /* MGPHTTPCommand.m */,
				C7FC1092197ECF1900E7C9C1 /* MGPHTTPImageCommand.h */,
				C7FC1093197ECF1900E7C9C1 /* MGPHTTPImageCommand.m */,
			);
			path = Commands;
			sourceTree = "<group>";
		};
		C7FC10D3197ED90100E7C9C1 /* Vendor */ = {
			isa = PBXGroup;
			children = (
				C7FC10D9197ED91C00E7C9C1 /* KSReachability */,
			);
			name = Vendor;
			sourceTree = "<group>";
		};
		C7FC10D9197ED91C00E7C9C1 /* KSReachability */ = {
			isa = PBXGroup;
			children = (
				C7FC10D4197ED91200E7C9C1 /* KSReachability.h */,
				C7FC10D5197ED91200E7C9C1 /* KSReachability.m */,
			);
			name = KSReachability;
			sourceTree = "<group>";
		};
/* End PBXGroup section */

/* Begin PBXHeadersBuildPhase section */
		C7C681301883B6D3006D4711 /* Headers */ = {
			isa = PBXHeadersBuildPhase;
			buildActionMask = 2147483647;
			files = (
				C7C681661883B8A7006D4711 /* NSApplication+MGPCommandBus.h in Headers */,
				C7FC109B197ECF1900E7C9C1 /* MGPHTTPImageCommand.h in Headers */,
				C7FC1085197ECE1400E7C9C1 /* MGPHTTPImageRequestHandler.h in Headers */,
				C7A9B0B51983024400B26247 /* MGPHTTPDataUploadRequestHandler.h in Headers */,
				C7FC107E197ECE1400E7C9C1 /* MGPHTTPCommandHandler.h in Headers */,
				C7FC10D6197ED91200E7C9C1 /* KSReachability.h in Headers */,
				C7FC1082197ECE1400E7C9C1 /* MGPHTTPDataRequestHandler.h in Headers */,
				C7FC1094197ECF1900E7C9C1 /* MGPCommand+Private.h in Headers */,
				C7FC1098197ECF1900E7C9C1 /* MGPHTTPCommand.h in Headers */,
				C7FC10A0197ECF5E00E7C9C1 /* NSNumber+HTTPStatusAdditions.h in Headers */,
				C72F82141927E2E500A74870 /* MGPSynchronousCommandOperation.h in Headers */,
				C7FC108B197ECE1400E7C9C1 /* MGPHTTPRequestHandler+Private.h in Headers */,
				C7FC1081197ECE1400E7C9C1 /* MGPHTTPCommandHandler+Private.h in Headers */,
				C71A3FAF188846A60034C838 /* MGPSubCommandHandler.h in Headers */,
				C71A3FB2188846A60034C838 /* MGPSubCommandHandler+Private.h in Headers */,
				C7FC1088197ECE1400E7C9C1 /* MGPHTTPRequestHandler.h in Headers */,
				C72F820F1927E2AC00A74870 /* MGPAsynchronousCommandOperation.h in Headers */,
				C7C6815D1883B77B006D4711 /* MGPCommandBus.h in Headers */,
				C7C6815E1883B77B006D4711 /* MGPCommandHandler.h in Headers */,
				C71A3FCD1888536C0034C838 /* MGPCommandBus+Private.h in Headers */,
				C7FC1095197ECF1900E7C9C1 /* MGPCommand.h in Headers */,
				C7FC10CB197ED8BC00E7C9C1 /* MGPNetworkCommandHandler.h in Headers */,
			);
			runOnlyForDeploymentPostprocessing = 0;
		};
/* End PBXHeadersBuildPhase section */

/* Begin PBXNativeTarget section */
		C78B5B0B192916C600949D74 /* MGPCommandBus Tests */ = {
			isa = PBXNativeTarget;
			buildConfigurationList = C78B5B19192916C700949D74 /* Build configuration list for PBXNativeTarget "MGPCommandBus Tests" */;
			buildPhases = (
				C78B5B08192916C600949D74 /* Sources */,
				C78B5B09192916C600949D74 /* Frameworks */,
				C78B5B0A192916C600949D74 /* Resources */,
			);
			buildRules = (
			);
			dependencies = (
				C78B5B4A19291AE300949D74 /* PBXTargetDependency */,
				C78B5B4C19291AE300949D74 /* PBXTargetDependency */,
				C78B5B18192916C700949D74 /* PBXTargetDependency */,
			);
			name = "MGPCommandBus Tests";
			productName = "MGPCommandBus Tests";
			productReference = C78B5B0C192916C600949D74 /* MGPCommandBus Tests.xctest */;
			productType = "com.apple.product-type.bundle.unit-test";
		};
		C7C681321883B6D3006D4711 /* MGPCommandBus */ = {
			isa = PBXNativeTarget;
			buildConfigurationList = C7C6815A1883B6D3006D4711 /* Build configuration list for PBXNativeTarget "MGPCommandBus" */;
			buildPhases = (
				C7C6812E1883B6D3006D4711 /* Sources */,
				C7C6812F1883B6D3006D4711 /* Frameworks */,
				C7C681301883B6D3006D4711 /* Headers */,
				C7C681311883B6D3006D4711 /* Resources */,
			);
			buildRules = (
			);
			dependencies = (
			);
			name = MGPCommandBus;
			productName = MGPCommandBus;
			productReference = C7C681331883B6D3006D4711 /* MGPCommandBus.framework */;
			productType = "com.apple.product-type.framework";
		};
		C7F5450C18666F42000A7BB5 /* MGPCommandBus-iOS */ = {
			isa = PBXNativeTarget;
			buildConfigurationList = C7F5452918666F42000A7BB5 /* Build configuration list for PBXNativeTarget "MGPCommandBus-iOS" */;
			buildPhases = (
				C7F5450918666F42000A7BB5 /* Sources */,
				C7F5450A18666F42000A7BB5 /* Frameworks */,
				C7F5450B18666F42000A7BB5 /* CopyFiles */,
			);
			buildRules = (
			);
			dependencies = (
			);
			name = "MGPCommandBus-iOS";
			productName = IKBCommandBus;
			productReference = C7F5450D18666F42000A7BB5 /* libMGPCommandBus-iOS.a */;
			productType = "com.apple.product-type.library.static";
		};
		C7F5451918666F42000A7BB5 /* MGPCommandBusTests-iOS */ = {
			isa = PBXNativeTarget;
			buildConfigurationList = C7F5452C18666F42000A7BB5 /* Build configuration list for PBXNativeTarget "MGPCommandBusTests-iOS" */;
			buildPhases = (
				C7F5451618666F42000A7BB5 /* Sources */,
				C7F5451718666F42000A7BB5 /* Frameworks */,
				C7F5451818666F42000A7BB5 /* Resources */,
			);
			buildRules = (
			);
			dependencies = (
				C78B5B4E19291AEC00949D74 /* PBXTargetDependency */,
				C78B5B5019291AEC00949D74 /* PBXTargetDependency */,
				C7F5451F18666F42000A7BB5 /* PBXTargetDependency */,
			);
			name = "MGPCommandBusTests-iOS";
			productName = IKBCommandBusTests;
			productReference = C7F5451A18666F42000A7BB5 /* MGPCommandBusTests-iOS.xctest */;
			productType = "com.apple.product-type.bundle.unit-test";
		};
/* End PBXNativeTarget section */

/* Begin PBXProject section */
		C75F131717C58555008B622B /* Project object */ = {
			isa = PBXProject;
			attributes = {
				LastUpgradeCheck = 0600;
				TargetAttributes = {
					C78B5B0B192916C600949D74 = {
						TestTargetID = C7C681321883B6D3006D4711;
					};
					C7F5451918666F42000A7BB5 = {
						TestTargetID = C7C681321883B6D3006D4711;
					};
				};
			};
			buildConfigurationList = C75F131A17C58555008B622B /* Build configuration list for PBXProject "MGPCommandBus" */;
			compatibilityVersion = "Xcode 3.2";
			developmentRegion = English;
			hasScannedForEncodings = 0;
			knownRegions = (
				en,
			);
			mainGroup = C75F131617C58555008B622B;
			productRefGroup = C76B93D517C5858E00624CFD /* Products */;
			projectDirPath = "";
			projectReferences = (
				{
					ProductGroup = C78B5B1E192917B000949D74 /* Products */;
					ProjectRef = C78B5B1D192917B000949D74 /* Expecta.xcodeproj */;
				},
				{
					ProductGroup = C78B5B30192917B500949D74 /* Products */;
					ProjectRef = C78B5B2F192917B500949D74 /* Specta.xcodeproj */;
				},
			);
			projectRoot = "";
			targets = (
				C7F5450C18666F42000A7BB5 /* MGPCommandBus-iOS */,
				C7F5451918666F42000A7BB5 /* MGPCommandBusTests-iOS */,
				C7C681321883B6D3006D4711 /* MGPCommandBus */,
				C78B5B0B192916C600949D74 /* MGPCommandBus Tests */,
			);
		};
/* End PBXProject section */

/* Begin PBXReferenceProxy section */
		C78B5B26192917B000949D74 /* libExpecta.a */ = {
			isa = PBXReferenceProxy;
			fileType = archive.ar;
			path = libExpecta.a;
			remoteRef = C78B5B25192917B000949D74 /* PBXContainerItemProxy */;
			sourceTree = BUILT_PRODUCTS_DIR;
		};
		C78B5B28192917B000949D74 /* libExpecta-iOS.a */ = {
			isa = PBXReferenceProxy;
			fileType = archive.ar;
			path = "libExpecta-iOS.a";
			remoteRef = C78B5B27192917B000949D74 /* PBXContainerItemProxy */;
			sourceTree = BUILT_PRODUCTS_DIR;
		};
		C78B5B2A192917B000949D74 /* ExpectaTests.octest */ = {
			isa = PBXReferenceProxy;
			fileType = wrapper.cfbundle;
			path = ExpectaTests.octest;
			remoteRef = C78B5B29192917B000949D74 /* PBXContainerItemProxy */;
			sourceTree = BUILT_PRODUCTS_DIR;
		};
		C78B5B2C192917B000949D74 /* Expecta-iOSTests.octest */ = {
			isa = PBXReferenceProxy;
			fileType = wrapper.cfbundle;
			path = "Expecta-iOSTests.octest";
			remoteRef = C78B5B2B192917B000949D74 /* PBXContainerItemProxy */;
			sourceTree = BUILT_PRODUCTS_DIR;
		};
		C78B5B2E192917B000949D74 /* ExpectaTests-XCTest.xctest */ = {
			isa = PBXReferenceProxy;
			fileType = wrapper.cfbundle;
			path = "ExpectaTests-XCTest.xctest";
			remoteRef = C78B5B2D192917B000949D74 /* PBXContainerItemProxy */;
			sourceTree = BUILT_PRODUCTS_DIR;
		};
		C78B5B37192917B600949D74 /* libSpecta-iOS.a */ = {
			isa = PBXReferenceProxy;
			fileType = archive.ar;
			path = "libSpecta-iOS.a";
			remoteRef = C78B5B36192917B600949D74 /* PBXContainerItemProxy */;
			sourceTree = BUILT_PRODUCTS_DIR;
		};
		C78B5B39192917B600949D74 /* libSpecta-OSX.a */ = {
			isa = PBXReferenceProxy;
			fileType = archive.ar;
			path = "libSpecta-OSX.a";
			remoteRef = C78B5B38192917B600949D74 /* PBXContainerItemProxy */;
			sourceTree = BUILT_PRODUCTS_DIR;
		};
		C78B5B3B192917B600949D74 /* SpectaTests-iOS.xctest */ = {
			isa = PBXReferenceProxy;
			fileType = wrapper.cfbundle;
			path = "SpectaTests-iOS.xctest";
			remoteRef = C78B5B3A192917B600949D74 /* PBXContainerItemProxy */;
			sourceTree = BUILT_PRODUCTS_DIR;
		};
		C78B5B3D192917B600949D74 /* Specta-OSXTests.xctest */ = {
			isa = PBXReferenceProxy;
			fileType = wrapper.cfbundle;
			path = "Specta-OSXTests.xctest";
			remoteRef = C78B5B3C192917B600949D74 /* PBXContainerItemProxy */;
			sourceTree = BUILT_PRODUCTS_DIR;
		};
/* End PBXReferenceProxy section */

/* Begin PBXResourcesBuildPhase section */
		C78B5B0A192916C600949D74 /* Resources */ = {
			isa = PBXResourcesBuildPhase;
			buildActionMask = 2147483647;
			files = (
			);
			runOnlyForDeploymentPostprocessing = 0;
		};
		C7C681311883B6D3006D4711 /* Resources */ = {
			isa = PBXResourcesBuildPhase;
			buildActionMask = 2147483647;
			files = (
			);
			runOnlyForDeploymentPostprocessing = 0;
		};
		C7F5451818666F42000A7BB5 /* Resources */ = {
			isa = PBXResourcesBuildPhase;
			buildActionMask = 2147483647;
			files = (
			);
			runOnlyForDeploymentPostprocessing = 0;
		};
/* End PBXResourcesBuildPhase section */

/* Begin PBXSourcesBuildPhase section */
		C78B5B08192916C600949D74 /* Sources */ = {
			isa = PBXSourcesBuildPhase;
			buildActionMask = 2147483647;
			files = (
				C78B5B431929181D00949D74 /* MGPCommandBusSpec.m in Sources */,
				C78B5B451929182300949D74 /* MGPCommandSpec.m in Sources */,
				C78B5B421929181700949D74 /* MGPCommandBusHandlersSpec.m in Sources */,
				C78B5B441929182000949D74 /* MGPCommandHandlerSpec.m in Sources */,
				C78B5B461929182600949D74 /* TestHelpers.m in Sources */,
			);
			runOnlyForDeploymentPostprocessing = 0;
		};
		C7C6812E1883B6D3006D4711 /* Sources */ = {
			isa = PBXSourcesBuildPhase;
			buildActionMask = 2147483647;
			files = (
				C7C681651883B894006D4711 /* NSApplication+MGPCommandBus.m in Sources */,
				C7FC109A197ECF1900E7C9C1 /* MGPHTTPCommand.m in Sources */,
				C7FC1087197ECE1400E7C9C1 /* MGPHTTPImageRequestHandler.m in Sources */,
				C7C681611883B788006D4711 /* MGPCommandBus.m in Sources */,
				C7FC1084197ECE1400E7C9C1 /* MGPHTTPDataRequestHandler.m in Sources */,
				C7FC1080197ECE1400E7C9C1 /* MGPHTTPCommandHandler.m in Sources */,
				C7FC1097197ECF1900E7C9C1 /* MGPCommand.m in Sources */,
				C7C681601883B788006D4711 /* MGPCommandOperation.m in Sources */,
				C7FC108A197ECE1400E7C9C1 /* MGPHTTPRequestHandler.m in Sources */,
				C7FC109D197ECF1900E7C9C1 /* MGPHTTPImageCommand.m in Sources */,
				C7FC10D8197ED91200E7C9C1 /* KSReachability.m in Sources */,
				C72F82111927E2AC00A74870 /* MGPAsynchronousCommandOperation.m in Sources */,
				C7FC10A2197ECF5E00E7C9C1 /* NSNumber+HTTPStatusAdditions.m in Sources */,
				C72F82161927E2E500A74870 /* MGPSynchronousCommandOperation.m in Sources */,
				C71A3FB1188846A60034C838 /* MGPSubCommandHandler.m in Sources */,
				C7A9B0B71983024400B26247 /* MGPHTTPDataUploadRequestHandler.m in Sources */,
				C7FC10CD197ED8BC00E7C9C1 /* MGPNetworkCommandHandler.m in Sources */,
			);
			runOnlyForDeploymentPostprocessing = 0;
		};
		C7F5450918666F42000A7BB5 /* Sources */ = {
			isa = PBXSourcesBuildPhase;
			buildActionMask = 2147483647;
			files = (
				C7C3BC3D186F7A2900AB1D4B /* MGPCommandOperation.m in Sources */,
				C7FC1099197ECF1900E7C9C1 /* MGPHTTPCommand.m in Sources */,
				C7FC1086197ECE1400E7C9C1 /* MGPHTTPImageRequestHandler.m in Sources */,
				C7F5452F18666FF7000A7BB5 /* UIApplication+MGPCommandBus.m in Sources */,
				C71A3FB0188846A60034C838 /* MGPSubCommandHandler.m in Sources */,
				C7FC1083197ECE1400E7C9C1 /* MGPHTTPDataRequestHandler.m in Sources */,
				C7FC107F197ECE1400E7C9C1 /* MGPHTTPCommandHandler.m in Sources */,
				C7FC1096197ECF1900E7C9C1 /* MGPCommand.m in Sources */,
				C7F5453018666FF7000A7BB5 /* MGPCommandBus.m in Sources */,
				C7FC1089197ECE1400E7C9C1 /* MGPHTTPRequestHandler.m in Sources */,
				C7FC10D7197ED91200E7C9C1 /* KSReachability.m in Sources */,
				C7FC109C197ECF1900E7C9C1 /* MGPHTTPImageCommand.m in Sources */,
				C72F82101927E2AC00A74870 /* MGPAsynchronousCommandOperation.m in Sources */,
				C7FC10A1197ECF5E00E7C9C1 /* NSNumber+HTTPStatusAdditions.m in Sources */,
				C72F82151927E2E500A74870 /* MGPSynchronousCommandOperation.m in Sources */,
				C7A9B0B61983024400B26247 /* MGPHTTPDataUploadRequestHandler.m in Sources */,
				C7FC10CC197ED8BC00E7C9C1 /* MGPNetworkCommandHandler.m in Sources */,
			);
			runOnlyForDeploymentPostprocessing = 0;
		};
		C7F5451618666F42000A7BB5 /* Sources */ = {
			isa = PBXSourcesBuildPhase;
			buildActionMask = 2147483647;
			files = (
				C7101D2B186F716F006AC00B /* MGPCommandHandlerSpec.m in Sources */,
				C791BE83186F4243005453E6 /* MGPCommandBusSpec.m in Sources */,
				C7101D29186F7129006AC00B /* MGPCommandSpec.m in Sources */,
				C73DA4C7186F8A3D00F731C7 /* MGPCommandBusHandlersSpec.m in Sources */,
				C73DA4EF1870ACA500F731C7 /* TestHelpers.m in Sources */,
			);
			runOnlyForDeploymentPostprocessing = 0;
		};
/* End PBXSourcesBuildPhase section */

/* Begin PBXTargetDependency section */
		C78B5B18192916C700949D74 /* PBXTargetDependency */ = {
			isa = PBXTargetDependency;
			target = C7C681321883B6D3006D4711 /* MGPCommandBus */;
			targetProxy = C78B5B17192916C700949D74 /* PBXContainerItemProxy */;
		};
		C78B5B4A19291AE300949D74 /* PBXTargetDependency */ = {
			isa = PBXTargetDependency;
			name = "Specta-OSX";
			targetProxy = C78B5B4919291AE300949D74 /* PBXContainerItemProxy */;
		};
		C78B5B4C19291AE300949D74 /* PBXTargetDependency */ = {
			isa = PBXTargetDependency;
			name = Expecta;
			targetProxy = C78B5B4B19291AE300949D74 /* PBXContainerItemProxy */;
		};
		C78B5B4E19291AEC00949D74 /* PBXTargetDependency */ = {
			isa = PBXTargetDependency;
			name = "Specta-iOS";
			targetProxy = C78B5B4D19291AEC00949D74 /* PBXContainerItemProxy */;
		};
		C78B5B5019291AEC00949D74 /* PBXTargetDependency */ = {
			isa = PBXTargetDependency;
			name = "Expecta-iOS";
			targetProxy = C78B5B4F19291AEC00949D74 /* PBXContainerItemProxy */;
		};
		C7F5451F18666F42000A7BB5 /* PBXTargetDependency */ = {
			isa = PBXTargetDependency;
			target = C7F5450C18666F42000A7BB5 /* MGPCommandBus-iOS */;
			targetProxy = C7F5451E18666F42000A7BB5 /* PBXContainerItemProxy */;
		};
/* End PBXTargetDependency section */

/* Begin PBXVariantGroup section */
		C76B93CC17C5857800624CFD /* InfoPlist.strings */ = {
			isa = PBXVariantGroup;
			children = (
				C76B93CD17C5857800624CFD /* en */,
			);
			name = InfoPlist.strings;
			sourceTree = "<group>";
		};
		C76B93FF17C5862D00624CFD /* InfoPlist.strings */ = {
			isa = PBXVariantGroup;
			children = (
				C76B940017C5862D00624CFD /* en */,
			);
			name = InfoPlist.strings;
			sourceTree = "<group>";
		};
/* End PBXVariantGroup section */

/* Begin XCBuildConfiguration section */
		C75F131B17C58555008B622B /* Debug */ = {
			isa = XCBuildConfiguration;
			buildSettings = {
				HEADER_SEARCH_PATHS = "$(inherited)";
				ONLY_ACTIVE_ARCH = YES;
			};
			name = Debug;
		};
		C75F131C17C58555008B622B /* Release */ = {
			isa = XCBuildConfiguration;
			buildSettings = {
				HEADER_SEARCH_PATHS = "$(inherited)";
			};
			name = Release;
		};
		C78B5B1A192916C700949D74 /* Debug */ = {
			isa = XCBuildConfiguration;
			buildSettings = {
				ALWAYS_SEARCH_USER_PATHS = YES;
				CLANG_CXX_LANGUAGE_STANDARD = "gnu++0x";
				CLANG_CXX_LIBRARY = "libc++";
				CLANG_ENABLE_MODULES = YES;
				CLANG_ENABLE_OBJC_ARC = YES;
				CLANG_WARN_BOOL_CONVERSION = YES;
				CLANG_WARN_CONSTANT_CONVERSION = YES;
				CLANG_WARN_DIRECT_OBJC_ISA_USAGE = YES_ERROR;
				CLANG_WARN_EMPTY_BODY = YES;
				CLANG_WARN_ENUM_CONVERSION = YES;
				CLANG_WARN_INT_CONVERSION = YES;
				CLANG_WARN_OBJC_ROOT_CLASS = YES_ERROR;
				CLANG_WARN__DUPLICATE_METHOD_MATCH = YES;
				COMBINE_HIDPI_IMAGES = YES;
				COPY_PHASE_STRIP = NO;
				FRAMEWORK_SEARCH_PATHS = (
					"$(DEVELOPER_FRAMEWORKS_DIR)",
					"$(inherited)",
				);
				GCC_C_LANGUAGE_STANDARD = gnu99;
				GCC_DYNAMIC_NO_PIC = NO;
				GCC_ENABLE_OBJC_EXCEPTIONS = YES;
				GCC_OPTIMIZATION_LEVEL = 0;
				GCC_PRECOMPILE_PREFIX_HEADER = YES;
				GCC_PREFIX_HEADER = "Tests/Support/MGPCommandBusTests-Prefix.pch";
				GCC_PREPROCESSOR_DEFINITIONS = (
					"DEBUG=1",
					"$(inherited)",
				);
				GCC_SYMBOLS_PRIVATE_EXTERN = NO;
				GCC_WARN_64_TO_32_BIT_CONVERSION = YES;
				GCC_WARN_ABOUT_RETURN_TYPE = YES_ERROR;
				GCC_WARN_UNDECLARED_SELECTOR = YES;
				GCC_WARN_UNINITIALIZED_AUTOS = YES_AGGRESSIVE;
				GCC_WARN_UNUSED_FUNCTION = YES;
				GCC_WARN_UNUSED_VARIABLE = YES;
				HEADER_SEARCH_PATHS = (
					"$(inherited)",
					"$(SRCROOT)/Tests/Vendor/Specta/src",
					"$(SRCROOT)/Tests/Vendor/Expecta/src/**",
				);
				INFOPLIST_FILE = "Tests/Support/MGPCommandBusTests-Info.plist";
				MACOSX_DEPLOYMENT_TARGET = 10.9;
				ONLY_ACTIVE_ARCH = YES;
				OTHER_LDFLAGS = (
					"$(inherited)",
					"-framework",
					XCTest,
					"-all_load",
					"-ObjC",
				);
				PRODUCT_NAME = "$(TARGET_NAME)";
				SDKROOT = macosx;
				WRAPPER_EXTENSION = xctest;
			};
			name = Debug;
		};
		C78B5B1B192916C700949D74 /* Release */ = {
			isa = XCBuildConfiguration;
			buildSettings = {
				ALWAYS_SEARCH_USER_PATHS = YES;
				CLANG_CXX_LANGUAGE_STANDARD = "gnu++0x";
				CLANG_CXX_LIBRARY = "libc++";
				CLANG_ENABLE_MODULES = YES;
				CLANG_ENABLE_OBJC_ARC = YES;
				CLANG_WARN_BOOL_CONVERSION = YES;
				CLANG_WARN_CONSTANT_CONVERSION = YES;
				CLANG_WARN_DIRECT_OBJC_ISA_USAGE = YES_ERROR;
				CLANG_WARN_EMPTY_BODY = YES;
				CLANG_WARN_ENUM_CONVERSION = YES;
				CLANG_WARN_INT_CONVERSION = YES;
				CLANG_WARN_OBJC_ROOT_CLASS = YES_ERROR;
				CLANG_WARN__DUPLICATE_METHOD_MATCH = YES;
				COMBINE_HIDPI_IMAGES = YES;
				COPY_PHASE_STRIP = YES;
				DEBUG_INFORMATION_FORMAT = "dwarf-with-dsym";
				ENABLE_NS_ASSERTIONS = NO;
				FRAMEWORK_SEARCH_PATHS = (
					"$(DEVELOPER_FRAMEWORKS_DIR)",
					"$(inherited)",
				);
				GCC_C_LANGUAGE_STANDARD = gnu99;
				GCC_ENABLE_OBJC_EXCEPTIONS = YES;
				GCC_PRECOMPILE_PREFIX_HEADER = YES;
				GCC_PREFIX_HEADER = "Tests/Support/MGPCommandBusTests-Prefix.pch";
				GCC_WARN_64_TO_32_BIT_CONVERSION = YES;
				GCC_WARN_ABOUT_RETURN_TYPE = YES_ERROR;
				GCC_WARN_UNDECLARED_SELECTOR = YES;
				GCC_WARN_UNINITIALIZED_AUTOS = YES_AGGRESSIVE;
				GCC_WARN_UNUSED_FUNCTION = YES;
				GCC_WARN_UNUSED_VARIABLE = YES;
				HEADER_SEARCH_PATHS = (
					"$(inherited)",
					"$(SRCROOT)/Tests/Vendor/Specta/src",
					"$(SRCROOT)/Tests/Vendor/Expecta/src/**",
				);
				INFOPLIST_FILE = "Tests/Support/MGPCommandBusTests-Info.plist";
				MACOSX_DEPLOYMENT_TARGET = 10.9;
				OTHER_LDFLAGS = (
					"$(inherited)",
					"-framework",
					XCTest,
					"-all_load",
					"-ObjC",
				);
				PRODUCT_NAME = "$(TARGET_NAME)";
				SDKROOT = macosx;
				WRAPPER_EXTENSION = xctest;
			};
			name = Release;
		};
		C78B5B1C192916C700949D74 /* Beta */ = {
			isa = XCBuildConfiguration;
			buildSettings = {
				ALWAYS_SEARCH_USER_PATHS = YES;
				CLANG_CXX_LANGUAGE_STANDARD = "gnu++0x";
				CLANG_CXX_LIBRARY = "libc++";
				CLANG_ENABLE_MODULES = YES;
				CLANG_ENABLE_OBJC_ARC = YES;
				CLANG_WARN_BOOL_CONVERSION = YES;
				CLANG_WARN_CONSTANT_CONVERSION = YES;
				CLANG_WARN_DIRECT_OBJC_ISA_USAGE = YES_ERROR;
				CLANG_WARN_EMPTY_BODY = YES;
				CLANG_WARN_ENUM_CONVERSION = YES;
				CLANG_WARN_INT_CONVERSION = YES;
				CLANG_WARN_OBJC_ROOT_CLASS = YES_ERROR;
				CLANG_WARN__DUPLICATE_METHOD_MATCH = YES;
				COMBINE_HIDPI_IMAGES = YES;
				COPY_PHASE_STRIP = YES;
				DEBUG_INFORMATION_FORMAT = "dwarf-with-dsym";
				ENABLE_NS_ASSERTIONS = NO;
				FRAMEWORK_SEARCH_PATHS = (
					"$(DEVELOPER_FRAMEWORKS_DIR)",
					"$(inherited)",
				);
				GCC_C_LANGUAGE_STANDARD = gnu99;
				GCC_ENABLE_OBJC_EXCEPTIONS = YES;
				GCC_PRECOMPILE_PREFIX_HEADER = YES;
				GCC_PREFIX_HEADER = "Tests/Support/MGPCommandBusTests-Prefix.pch";
				GCC_WARN_64_TO_32_BIT_CONVERSION = YES;
				GCC_WARN_ABOUT_RETURN_TYPE = YES_ERROR;
				GCC_WARN_UNDECLARED_SELECTOR = YES;
				GCC_WARN_UNINITIALIZED_AUTOS = YES_AGGRESSIVE;
				GCC_WARN_UNUSED_FUNCTION = YES;
				GCC_WARN_UNUSED_VARIABLE = YES;
				HEADER_SEARCH_PATHS = (
					"$(inherited)",
					"$(SRCROOT)/Tests/Vendor/Specta/src",
					"$(SRCROOT)/Tests/Vendor/Expecta/src/**",
				);
				INFOPLIST_FILE = "Tests/Support/MGPCommandBusTests-Info.plist";
				MACOSX_DEPLOYMENT_TARGET = 10.9;
				OTHER_LDFLAGS = (
					"$(inherited)",
					"-framework",
					XCTest,
					"-all_load",
					"-ObjC",
				);
				PRODUCT_NAME = "$(TARGET_NAME)";
				SDKROOT = macosx;
				WRAPPER_EXTENSION = xctest;
			};
			name = Beta;
		};
		C7C681561883B6D3006D4711 /* Debug */ = {
			isa = XCBuildConfiguration;
			buildSettings = {
				ALWAYS_SEARCH_USER_PATHS = NO;
				CLANG_CXX_LANGUAGE_STANDARD = "gnu++0x";
				CLANG_CXX_LIBRARY = "libc++";
				CLANG_ENABLE_OBJC_ARC = YES;
				CLANG_WARN_BOOL_CONVERSION = YES;
				CLANG_WARN_CONSTANT_CONVERSION = YES;
				CLANG_WARN_DIRECT_OBJC_ISA_USAGE = YES_ERROR;
				CLANG_WARN_EMPTY_BODY = YES;
				CLANG_WARN_ENUM_CONVERSION = YES;
				CLANG_WARN_INT_CONVERSION = YES;
				CLANG_WARN_OBJC_ROOT_CLASS = YES_ERROR;
				CLANG_WARN__DUPLICATE_METHOD_MATCH = YES;
				COMBINE_HIDPI_IMAGES = YES;
				COPY_PHASE_STRIP = NO;
				DYLIB_COMPATIBILITY_VERSION = 1;
				DYLIB_CURRENT_VERSION = 1;
				FRAMEWORK_SEARCH_PATHS = "$(SDKROOT)";
				FRAMEWORK_VERSION = A;
				GCC_C_LANGUAGE_STANDARD = gnu99;
				GCC_DYNAMIC_NO_PIC = NO;
				GCC_ENABLE_OBJC_EXCEPTIONS = YES;
				GCC_OPTIMIZATION_LEVEL = 0;
				GCC_PRECOMPILE_PREFIX_HEADER = YES;
				GCC_PREFIX_HEADER = "Library/Support/MGPCommandBus-Prefix.pch";
				GCC_PREPROCESSOR_DEFINITIONS = (
					"DEBUG=1",
					"$(inherited)",
				);
				GCC_SYMBOLS_PRIVATE_EXTERN = NO;
				GCC_WARN_64_TO_32_BIT_CONVERSION = YES;
				GCC_WARN_ABOUT_RETURN_TYPE = YES_ERROR;
				GCC_WARN_UNDECLARED_SELECTOR = YES;
				GCC_WARN_UNINITIALIZED_AUTOS = YES_AGGRESSIVE;
				GCC_WARN_UNUSED_FUNCTION = YES;
				GCC_WARN_UNUSED_VARIABLE = YES;
				INFOPLIST_FILE = "Library/Support/MGPCommandBus-Info.plist";
				INSTALL_PATH = "@executable_path/../Frameworks";
				MACOSX_DEPLOYMENT_TARGET = 10.9;
				ONLY_ACTIVE_ARCH = YES;
				PRODUCT_NAME = MGPCommandBus;
				SDKROOT = macosx;
				SKIP_INSTALL = YES;
				WRAPPER_EXTENSION = framework;
			};
			name = Debug;
		};
		C7C681571883B6D3006D4711 /* Release */ = {
			isa = XCBuildConfiguration;
			buildSettings = {
				ALWAYS_SEARCH_USER_PATHS = NO;
				CLANG_CXX_LANGUAGE_STANDARD = "gnu++0x";
				CLANG_CXX_LIBRARY = "libc++";
				CLANG_ENABLE_OBJC_ARC = YES;
				CLANG_WARN_BOOL_CONVERSION = YES;
				CLANG_WARN_CONSTANT_CONVERSION = YES;
				CLANG_WARN_DIRECT_OBJC_ISA_USAGE = YES_ERROR;
				CLANG_WARN_EMPTY_BODY = YES;
				CLANG_WARN_ENUM_CONVERSION = YES;
				CLANG_WARN_INT_CONVERSION = YES;
				CLANG_WARN_OBJC_ROOT_CLASS = YES_ERROR;
				CLANG_WARN__DUPLICATE_METHOD_MATCH = YES;
				COMBINE_HIDPI_IMAGES = YES;
				COPY_PHASE_STRIP = YES;
				DEBUG_INFORMATION_FORMAT = "dwarf-with-dsym";
				DYLIB_COMPATIBILITY_VERSION = 1;
				DYLIB_CURRENT_VERSION = 1;
				ENABLE_NS_ASSERTIONS = NO;
				FRAMEWORK_SEARCH_PATHS = "$(SDKROOT)";
				FRAMEWORK_VERSION = A;
				GCC_C_LANGUAGE_STANDARD = gnu99;
				GCC_ENABLE_OBJC_EXCEPTIONS = YES;
				GCC_PRECOMPILE_PREFIX_HEADER = YES;
				GCC_PREFIX_HEADER = "Library/Support/MGPCommandBus-Prefix.pch";
				GCC_WARN_64_TO_32_BIT_CONVERSION = YES;
				GCC_WARN_ABOUT_RETURN_TYPE = YES_ERROR;
				GCC_WARN_UNDECLARED_SELECTOR = YES;
				GCC_WARN_UNINITIALIZED_AUTOS = YES_AGGRESSIVE;
				GCC_WARN_UNUSED_FUNCTION = YES;
				GCC_WARN_UNUSED_VARIABLE = YES;
				INFOPLIST_FILE = "Library/Support/MGPCommandBus-Info.plist";
				INSTALL_PATH = "@executable_path/../Frameworks";
				MACOSX_DEPLOYMENT_TARGET = 10.9;
				PRODUCT_NAME = MGPCommandBus;
				SDKROOT = macosx;
				SKIP_INSTALL = YES;
				WRAPPER_EXTENSION = framework;
			};
			name = Release;
		};
		C7DC4BB419228916007881EC /* Beta */ = {
			isa = XCBuildConfiguration;
			buildSettings = {
				HEADER_SEARCH_PATHS = "$(inherited)";
			};
			name = Beta;
		};
		C7DC4BB519228916007881EC /* Beta */ = {
			isa = XCBuildConfiguration;
			buildSettings = {
				ALWAYS_SEARCH_USER_PATHS = NO;
				CLANG_CXX_LANGUAGE_STANDARD = "gnu++0x";
				CLANG_CXX_LIBRARY = "libc++";
				CLANG_ENABLE_MODULES = NO;
				CLANG_ENABLE_OBJC_ARC = YES;
				CLANG_WARN_BOOL_CONVERSION = YES;
				CLANG_WARN_CONSTANT_CONVERSION = YES;
				CLANG_WARN_DIRECT_OBJC_ISA_USAGE = YES_ERROR;
				CLANG_WARN_EMPTY_BODY = YES;
				CLANG_WARN_ENUM_CONVERSION = YES;
				CLANG_WARN_INT_CONVERSION = YES;
				CLANG_WARN_OBJC_ROOT_CLASS = YES_ERROR;
				CLANG_WARN__DUPLICATE_METHOD_MATCH = YES;
				COPY_PHASE_STRIP = YES;
				DSTROOT = /tmp/MGPCommandBus.dst;
				ENABLE_NS_ASSERTIONS = NO;
				GCC_C_LANGUAGE_STANDARD = gnu99;
				GCC_PRECOMPILE_PREFIX_HEADER = YES;
				GCC_PREFIX_HEADER = "$(SRCROOT)/Library/Support/MGPCommandBus-Prefix.pch";
				GCC_WARN_64_TO_32_BIT_CONVERSION = YES;
				GCC_WARN_ABOUT_RETURN_TYPE = YES_ERROR;
				GCC_WARN_UNDECLARED_SELECTOR = YES;
				GCC_WARN_UNINITIALIZED_AUTOS = YES_AGGRESSIVE;
				GCC_WARN_UNUSED_FUNCTION = YES;
				GCC_WARN_UNUSED_VARIABLE = YES;
				IPHONEOS_DEPLOYMENT_TARGET = 6.0;
				OTHER_LDFLAGS = "-ObjC";
				PRODUCT_NAME = "MGPCommandBus-iOS";
				SDKROOT = iphoneos;
				SKIP_INSTALL = YES;
				TARGETED_DEVICE_FAMILY = "1,2";
				VALIDATE_PRODUCT = YES;
			};
			name = Beta;
		};
		C7DC4BB619228916007881EC /* Beta */ = {
			isa = XCBuildConfiguration;
			buildSettings = {
				ALWAYS_SEARCH_USER_PATHS = NO;
				BUNDLE_LOADER = "$(BUILT_PRODUCTS_DIR)/MGPCommandBus.framework/Versions/A/MGPCommandBus";
				CLANG_CXX_LANGUAGE_STANDARD = "gnu++0x";
				CLANG_CXX_LIBRARY = "libc++";
				CLANG_ENABLE_MODULES = NO;
				CLANG_ENABLE_OBJC_ARC = YES;
				CLANG_WARN_BOOL_CONVERSION = YES;
				CLANG_WARN_CONSTANT_CONVERSION = YES;
				CLANG_WARN_DIRECT_OBJC_ISA_USAGE = YES_ERROR;
				CLANG_WARN_EMPTY_BODY = YES;
				CLANG_WARN_ENUM_CONVERSION = YES;
				CLANG_WARN_INT_CONVERSION = YES;
				CLANG_WARN_OBJC_ROOT_CLASS = YES_ERROR;
				CLANG_WARN__DUPLICATE_METHOD_MATCH = YES;
				COPY_PHASE_STRIP = YES;
				ENABLE_NS_ASSERTIONS = NO;
				FRAMEWORK_SEARCH_PATHS = (
					"$(SDKROOT)/Developer/Library/Frameworks",
					"$(DEVELOPER_FRAMEWORKS_DIR)",
				);
				GCC_C_LANGUAGE_STANDARD = gnu99;
				GCC_PRECOMPILE_PREFIX_HEADER = YES;
				GCC_PREFIX_HEADER = "Tests/Support/MGPCommandBusTests-Prefix.pch";
				GCC_WARN_64_TO_32_BIT_CONVERSION = YES;
				GCC_WARN_ABOUT_RETURN_TYPE = YES_ERROR;
				GCC_WARN_UNDECLARED_SELECTOR = YES;
				GCC_WARN_UNINITIALIZED_AUTOS = YES_AGGRESSIVE;
				GCC_WARN_UNUSED_FUNCTION = YES;
				GCC_WARN_UNUSED_VARIABLE = YES;
				HEADER_SEARCH_PATHS = (
					"$(SDKROOT)/Developer/Library/Frameworks",
					"$(DEVELOPER_FRAMEWORKS_DIR)",
					"$(SRCROOT)/Tests/Vendor/Specta",
					"$(SRCROOT)/Tests/Vendor/Expecta/**",
					"$(SRCROOT)/Vendor/PandaKit",
				);
				INFOPLIST_FILE = "Tests/Support/MGPCommandBusTests-Info.plist";
				IPHONEOS_DEPLOYMENT_TARGET = 5.1.1;
				LIBRARY_SEARCH_PATHS = (
					"$(inherited)",
					"$(SRCROOT)/Tests/Vendor/Expecta",
					"$(SRCROOT)/Tests/Vendor/Specta",
				);
				ONLY_ACTIVE_ARCH = YES;
				OTHER_LDFLAGS = (
					"-ObjC",
					"-all_load",
				);
				PRODUCT_NAME = "MGPCommandBusTests-iOS";
				SDKROOT = iphoneos;
				TEST_HOST = "$(BUNDLE_LOADER)";
				VALIDATE_PRODUCT = YES;
				WRAPPER_EXTENSION = xctest;
			};
			name = Beta;
		};
		C7DC4BB719228916007881EC /* Beta */ = {
			isa = XCBuildConfiguration;
			buildSettings = {
				ALWAYS_SEARCH_USER_PATHS = NO;
				CLANG_CXX_LANGUAGE_STANDARD = "gnu++0x";
				CLANG_CXX_LIBRARY = "libc++";
				CLANG_ENABLE_OBJC_ARC = YES;
				CLANG_WARN_BOOL_CONVERSION = YES;
				CLANG_WARN_CONSTANT_CONVERSION = YES;
				CLANG_WARN_DIRECT_OBJC_ISA_USAGE = YES_ERROR;
				CLANG_WARN_EMPTY_BODY = YES;
				CLANG_WARN_ENUM_CONVERSION = YES;
				CLANG_WARN_INT_CONVERSION = YES;
				CLANG_WARN_OBJC_ROOT_CLASS = YES_ERROR;
				CLANG_WARN__DUPLICATE_METHOD_MATCH = YES;
				COMBINE_HIDPI_IMAGES = YES;
				COPY_PHASE_STRIP = YES;
				DEBUG_INFORMATION_FORMAT = "dwarf-with-dsym";
				DYLIB_COMPATIBILITY_VERSION = 1;
				DYLIB_CURRENT_VERSION = 1;
				ENABLE_NS_ASSERTIONS = NO;
				FRAMEWORK_SEARCH_PATHS = "$(SDKROOT)";
				FRAMEWORK_VERSION = A;
				GCC_C_LANGUAGE_STANDARD = gnu99;
				GCC_ENABLE_OBJC_EXCEPTIONS = YES;
				GCC_PRECOMPILE_PREFIX_HEADER = YES;
				GCC_PREFIX_HEADER = "Library/Support/MGPCommandBus-Prefix.pch";
				GCC_WARN_64_TO_32_BIT_CONVERSION = YES;
				GCC_WARN_ABOUT_RETURN_TYPE = YES_ERROR;
				GCC_WARN_UNDECLARED_SELECTOR = YES;
				GCC_WARN_UNINITIALIZED_AUTOS = YES_AGGRESSIVE;
				GCC_WARN_UNUSED_FUNCTION = YES;
				GCC_WARN_UNUSED_VARIABLE = YES;
				INFOPLIST_FILE = "Library/Support/MGPCommandBus-Info.plist";
				INSTALL_PATH = "@executable_path/../Frameworks";
				MACOSX_DEPLOYMENT_TARGET = 10.9;
				PRODUCT_NAME = MGPCommandBus;
				SDKROOT = macosx;
				SKIP_INSTALL = YES;
				WRAPPER_EXTENSION = framework;
			};
			name = Beta;
		};
		C7F5452A18666F42000A7BB5 /* Debug */ = {
			isa = XCBuildConfiguration;
			buildSettings = {
				ALWAYS_SEARCH_USER_PATHS = NO;
				CLANG_CXX_LANGUAGE_STANDARD = "gnu++0x";
				CLANG_CXX_LIBRARY = "libc++";
				CLANG_ENABLE_MODULES = NO;
				CLANG_ENABLE_OBJC_ARC = YES;
				CLANG_WARN_BOOL_CONVERSION = YES;
				CLANG_WARN_CONSTANT_CONVERSION = YES;
				CLANG_WARN_DIRECT_OBJC_ISA_USAGE = YES_ERROR;
				CLANG_WARN_EMPTY_BODY = YES;
				CLANG_WARN_ENUM_CONVERSION = YES;
				CLANG_WARN_INT_CONVERSION = YES;
				CLANG_WARN_OBJC_ROOT_CLASS = YES_ERROR;
				CLANG_WARN__DUPLICATE_METHOD_MATCH = YES;
				COPY_PHASE_STRIP = NO;
				DSTROOT = /tmp/MGPCommandBus.dst;
				GCC_C_LANGUAGE_STANDARD = gnu99;
				GCC_DYNAMIC_NO_PIC = NO;
				GCC_OPTIMIZATION_LEVEL = 0;
				GCC_PRECOMPILE_PREFIX_HEADER = YES;
				GCC_PREFIX_HEADER = "$(SRCROOT)/Library/Support/MGPCommandBus-Prefix.pch";
				GCC_PREPROCESSOR_DEFINITIONS = (
					"DEBUG=1",
					"$(inherited)",
				);
				GCC_SYMBOLS_PRIVATE_EXTERN = NO;
				GCC_WARN_64_TO_32_BIT_CONVERSION = YES;
				GCC_WARN_ABOUT_RETURN_TYPE = YES_ERROR;
				GCC_WARN_UNDECLARED_SELECTOR = YES;
				GCC_WARN_UNINITIALIZED_AUTOS = YES_AGGRESSIVE;
				GCC_WARN_UNUSED_FUNCTION = YES;
				GCC_WARN_UNUSED_VARIABLE = YES;
				IPHONEOS_DEPLOYMENT_TARGET = 6.0;
				OTHER_LDFLAGS = "-ObjC";
				PRODUCT_NAME = "MGPCommandBus-iOS";
				SDKROOT = iphoneos;
				SKIP_INSTALL = YES;
				TARGETED_DEVICE_FAMILY = "1,2";
			};
			name = Debug;
		};
		C7F5452B18666F42000A7BB5 /* Release */ = {
			isa = XCBuildConfiguration;
			buildSettings = {
				ALWAYS_SEARCH_USER_PATHS = NO;
				CLANG_CXX_LANGUAGE_STANDARD = "gnu++0x";
				CLANG_CXX_LIBRARY = "libc++";
				CLANG_ENABLE_MODULES = NO;
				CLANG_ENABLE_OBJC_ARC = YES;
				CLANG_WARN_BOOL_CONVERSION = YES;
				CLANG_WARN_CONSTANT_CONVERSION = YES;
				CLANG_WARN_DIRECT_OBJC_ISA_USAGE = YES_ERROR;
				CLANG_WARN_EMPTY_BODY = YES;
				CLANG_WARN_ENUM_CONVERSION = YES;
				CLANG_WARN_INT_CONVERSION = YES;
				CLANG_WARN_OBJC_ROOT_CLASS = YES_ERROR;
				CLANG_WARN__DUPLICATE_METHOD_MATCH = YES;
				COPY_PHASE_STRIP = YES;
				DSTROOT = /tmp/MGPCommandBus.dst;
				ENABLE_NS_ASSERTIONS = NO;
				GCC_C_LANGUAGE_STANDARD = gnu99;
				GCC_PRECOMPILE_PREFIX_HEADER = YES;
				GCC_PREFIX_HEADER = "$(SRCROOT)/Library/Support/MGPCommandBus-Prefix.pch";
				GCC_WARN_64_TO_32_BIT_CONVERSION = YES;
				GCC_WARN_ABOUT_RETURN_TYPE = YES_ERROR;
				GCC_WARN_UNDECLARED_SELECTOR = YES;
				GCC_WARN_UNINITIALIZED_AUTOS = YES_AGGRESSIVE;
				GCC_WARN_UNUSED_FUNCTION = YES;
				GCC_WARN_UNUSED_VARIABLE = YES;
				IPHONEOS_DEPLOYMENT_TARGET = 6.0;
				OTHER_LDFLAGS = "-ObjC";
				PRODUCT_NAME = "MGPCommandBus-iOS";
				SDKROOT = iphoneos;
				SKIP_INSTALL = YES;
				TARGETED_DEVICE_FAMILY = "1,2";
				VALIDATE_PRODUCT = YES;
			};
			name = Release;
		};
		C7F5452D18666F42000A7BB5 /* Debug */ = {
			isa = XCBuildConfiguration;
			buildSettings = {
				ALWAYS_SEARCH_USER_PATHS = NO;
				BUNDLE_LOADER = "$(BUILT_PRODUCTS_DIR)/MGPCommandBus.framework/Versions/A/MGPCommandBus";
				CLANG_CXX_LANGUAGE_STANDARD = "gnu++0x";
				CLANG_CXX_LIBRARY = "libc++";
				CLANG_ENABLE_MODULES = NO;
				CLANG_ENABLE_OBJC_ARC = YES;
				CLANG_WARN_BOOL_CONVERSION = YES;
				CLANG_WARN_CONSTANT_CONVERSION = YES;
				CLANG_WARN_DIRECT_OBJC_ISA_USAGE = YES_ERROR;
				CLANG_WARN_EMPTY_BODY = YES;
				CLANG_WARN_ENUM_CONVERSION = YES;
				CLANG_WARN_INT_CONVERSION = YES;
				CLANG_WARN_OBJC_ROOT_CLASS = YES_ERROR;
				CLANG_WARN__DUPLICATE_METHOD_MATCH = YES;
				COPY_PHASE_STRIP = NO;
				FRAMEWORK_SEARCH_PATHS = (
					"$(SDKROOT)/Developer/Library/Frameworks",
					"$(DEVELOPER_FRAMEWORKS_DIR)",
				);
				GCC_C_LANGUAGE_STANDARD = gnu99;
				GCC_DYNAMIC_NO_PIC = NO;
				GCC_OPTIMIZATION_LEVEL = 0;
				GCC_PRECOMPILE_PREFIX_HEADER = YES;
				GCC_PREFIX_HEADER = "Tests/Support/MGPCommandBusTests-Prefix.pch";
				GCC_PREPROCESSOR_DEFINITIONS = (
					"DEBUG=1",
					"$(inherited)",
				);
				GCC_SYMBOLS_PRIVATE_EXTERN = NO;
				GCC_WARN_64_TO_32_BIT_CONVERSION = YES;
				GCC_WARN_ABOUT_RETURN_TYPE = YES_ERROR;
				GCC_WARN_UNDECLARED_SELECTOR = YES;
				GCC_WARN_UNINITIALIZED_AUTOS = YES_AGGRESSIVE;
				GCC_WARN_UNUSED_FUNCTION = YES;
				GCC_WARN_UNUSED_VARIABLE = YES;
				HEADER_SEARCH_PATHS = (
					"$(SDKROOT)/Developer/Library/Frameworks",
					"$(DEVELOPER_FRAMEWORKS_DIR)",
					"$(SRCROOT)/Tests/Vendor/Specta",
					"$(SRCROOT)/Tests/Vendor/Expecta/**",
					"$(SRCROOT)/Vendor/PandaKit",
				);
				INFOPLIST_FILE = "Tests/Support/MGPCommandBusTests-Info.plist";
				IPHONEOS_DEPLOYMENT_TARGET = 5.1.1;
				LIBRARY_SEARCH_PATHS = (
					"$(inherited)",
					"$(SRCROOT)/Tests/Vendor/Expecta",
					"$(SRCROOT)/Tests/Vendor/Specta",
				);
				ONLY_ACTIVE_ARCH = YES;
				OTHER_LDFLAGS = (
					"-ObjC",
					"-all_load",
				);
				PRODUCT_NAME = "MGPCommandBusTests-iOS";
				SDKROOT = iphoneos;
				TEST_HOST = "$(BUNDLE_LOADER)";
				WRAPPER_EXTENSION = xctest;
			};
			name = Debug;
		};
		C7F5452E18666F42000A7BB5 /* Release */ = {
			isa = XCBuildConfiguration;
			buildSettings = {
				ALWAYS_SEARCH_USER_PATHS = NO;
				BUNDLE_LOADER = "$(BUILT_PRODUCTS_DIR)/MGPCommandBus.framework/Versions/A/MGPCommandBus";
				CLANG_CXX_LANGUAGE_STANDARD = "gnu++0x";
				CLANG_CXX_LIBRARY = "libc++";
				CLANG_ENABLE_MODULES = NO;
				CLANG_ENABLE_OBJC_ARC = YES;
				CLANG_WARN_BOOL_CONVERSION = YES;
				CLANG_WARN_CONSTANT_CONVERSION = YES;
				CLANG_WARN_DIRECT_OBJC_ISA_USAGE = YES_ERROR;
				CLANG_WARN_EMPTY_BODY = YES;
				CLANG_WARN_ENUM_CONVERSION = YES;
				CLANG_WARN_INT_CONVERSION = YES;
				CLANG_WARN_OBJC_ROOT_CLASS = YES_ERROR;
				CLANG_WARN__DUPLICATE_METHOD_MATCH = YES;
				COPY_PHASE_STRIP = YES;
				ENABLE_NS_ASSERTIONS = NO;
				FRAMEWORK_SEARCH_PATHS = (
					"$(SDKROOT)/Developer/Library/Frameworks",
					"$(DEVELOPER_FRAMEWORKS_DIR)",
				);
				GCC_C_LANGUAGE_STANDARD = gnu99;
				GCC_PRECOMPILE_PREFIX_HEADER = YES;
				GCC_PREFIX_HEADER = "Tests/Support/MGPCommandBusTests-Prefix.pch";
				GCC_WARN_64_TO_32_BIT_CONVERSION = YES;
				GCC_WARN_ABOUT_RETURN_TYPE = YES_ERROR;
				GCC_WARN_UNDECLARED_SELECTOR = YES;
				GCC_WARN_UNINITIALIZED_AUTOS = YES_AGGRESSIVE;
				GCC_WARN_UNUSED_FUNCTION = YES;
				GCC_WARN_UNUSED_VARIABLE = YES;
				HEADER_SEARCH_PATHS = (
					"$(SDKROOT)/Developer/Library/Frameworks",
					"$(DEVELOPER_FRAMEWORKS_DIR)",
					"$(SRCROOT)/Tests/Vendor/Specta",
					"$(SRCROOT)/Tests/Vendor/Expecta/**",
					"$(SRCROOT)/Vendor/PandaKit",
				);
				INFOPLIST_FILE = "Tests/Support/MGPCommandBusTests-Info.plist";
				IPHONEOS_DEPLOYMENT_TARGET = 5.1.1;
				LIBRARY_SEARCH_PATHS = (
					"$(inherited)",
					"$(SRCROOT)/Tests/Vendor/Expecta",
					"$(SRCROOT)/Tests/Vendor/Specta",
				);
				ONLY_ACTIVE_ARCH = YES;
				OTHER_LDFLAGS = (
					"-ObjC",
					"-all_load",
				);
				PRODUCT_NAME = "MGPCommandBusTests-iOS";
				SDKROOT = iphoneos;
				TEST_HOST = "$(BUNDLE_LOADER)";
				VALIDATE_PRODUCT = YES;
				WRAPPER_EXTENSION = xctest;
			};
			name = Release;
		};
/* End XCBuildConfiguration section */

/* Begin XCConfigurationList section */
		C75F131A17C58555008B622B /* Build configuration list for PBXProject "MGPCommandBus" */ = {
			isa = XCConfigurationList;
			buildConfigurations = (
				C75F131B17C58555008B622B /* Debug */,
				C75F131C17C58555008B622B /* Release */,
				C7DC4BB419228916007881EC /* Beta */,
			);
			defaultConfigurationIsVisible = 0;
			defaultConfigurationName = Release;
		};
		C78B5B19192916C700949D74 /* Build configuration list for PBXNativeTarget "MGPCommandBus Tests" */ = {
			isa = XCConfigurationList;
			buildConfigurations = (
				C78B5B1A192916C700949D74 /* Debug */,
				C78B5B1B192916C700949D74 /* Release */,
				C78B5B1C192916C700949D74 /* Beta */,
			);
			defaultConfigurationIsVisible = 0;
			defaultConfigurationName = Release;
		};
		C7C6815A1883B6D3006D4711 /* Build configuration list for PBXNativeTarget "MGPCommandBus" */ = {
			isa = XCConfigurationList;
			buildConfigurations = (
				C7C681561883B6D3006D4711 /* Debug */,
				C7C681571883B6D3006D4711 /* Release */,
				C7DC4BB719228916007881EC /* Beta */,
			);
			defaultConfigurationIsVisible = 0;
			defaultConfigurationName = Release;
		};
		C7F5452918666F42000A7BB5 /* Build configuration list for PBXNativeTarget "MGPCommandBus-iOS" */ = {
			isa = XCConfigurationList;
			buildConfigurations = (
				C7F5452A18666F42000A7BB5 /* Debug */,
				C7F5452B18666F42000A7BB5 /* Release */,
				C7DC4BB519228916007881EC /* Beta */,
			);
			defaultConfigurationIsVisible = 0;
			defaultConfigurationName = Release;
		};
		C7F5452C18666F42000A7BB5 /* Build configuration list for PBXNativeTarget "MGPCommandBusTests-iOS" */ = {
			isa = XCConfigurationList;
			buildConfigurations = (
				C7F5452D18666F42000A7BB5 /* Debug */,
				C7F5452E18666F42000A7BB5 /* Release */,
				C7DC4BB619228916007881EC /* Beta */,
			);
			defaultConfigurationIsVisible = 0;
			defaultConfigurationName = Release;
		};
/* End XCConfigurationList section */
	};
	rootObject = C75F131717C58555008B622B /* Project object */;
}
