// !$*UTF8*$!
{
	archiveVersion = 1;
	classes = {
	};
	objectVersion = 46;
	objects = {

/* Begin PBXBuildFile section */
		C7F5450E18666F42000A7BB5 /* Foundation.framework in Frameworks */ = {isa = PBXBuildFile; fileRef = C76B93D717C5858E00624CFD /* Foundation.framework */; };
		C7F5451B18666F42000A7BB5 /* XCTest.framework in Frameworks */ = {isa = PBXBuildFile; fileRef = C76B93E517C5858E00624CFD /* XCTest.framework */; };
		C7F5451C18666F42000A7BB5 /* Foundation.framework in Frameworks */ = {isa = PBXBuildFile; fileRef = C76B93D717C5858E00624CFD /* Foundation.framework */; };
		C7F5451D18666F42000A7BB5 /* UIKit.framework in Frameworks */ = {isa = PBXBuildFile; fileRef = C79860851866653900D9617B /* UIKit.framework */; };
		C7F5452018666F42000A7BB5 /* libIKBCommandBus-iOS.a in Frameworks */ = {isa = PBXBuildFile; fileRef = C7F5450D18666F42000A7BB5 /* libIKBCommandBus-iOS.a */; };
		C7F5452618666F42000A7BB5 /* InfoPlist.strings in Resources */ = {isa = PBXBuildFile; fileRef = C7F5452418666F42000A7BB5 /* InfoPlist.strings */; };
		C7F5452818666F42000A7BB5 /* IKBCommandBusTests.m in Sources */ = {isa = PBXBuildFile; fileRef = C7F5452718666F42000A7BB5 /* IKBCommandBusTests.m */; };
		C7F5452F18666FF7000A7BB5 /* UIApplication+IKBCommandBus.m in Sources */ = {isa = PBXBuildFile; fileRef = C79860831866650300D9617B /* UIApplication+IKBCommandBus.m */; };
		C7F5453018666FF7000A7BB5 /* IKBCommandBus.m in Sources */ = {isa = PBXBuildFile; fileRef = C76B93C917C5857800624CFD /* IKBCommandBus.m */; };
/* End PBXBuildFile section */

/* Begin PBXContainerItemProxy section */
		C7F5451E18666F42000A7BB5 /* PBXContainerItemProxy */ = {
			isa = PBXContainerItemProxy;
			containerPortal = C75F131717C58555008B622B /* Project object */;
			proxyType = 1;
			remoteGlobalIDString = C7F5450C18666F42000A7BB5;
			remoteInfo = IKBCommandBus;
		};
/* End PBXContainerItemProxy section */

/* Begin PBXCopyFilesBuildPhase section */
		C7F5450B18666F42000A7BB5 /* CopyFiles */ = {
			isa = PBXCopyFilesBuildPhase;
			buildActionMask = 2147483647;
			dstPath = "include/$(PRODUCT_NAME)";
			dstSubfolderSpec = 16;
			files = (
			);
			runOnlyForDeploymentPostprocessing = 0;
		};
/* End PBXCopyFilesBuildPhase section */

/* Begin PBXFileReference section */
		C76B93C617C5857800624CFD /* IKBCommand.h */ = {isa = PBXFileReference; lastKnownFileType = sourcecode.c.h; path = IKBCommand.h; sourceTree = "<group>"; };
		C76B93C717C5857800624CFD /* IKBCommandBus+Extension.h */ = {isa = PBXFileReference; lastKnownFileType = sourcecode.c.h; path = "IKBCommandBus+Extension.h"; sourceTree = "<group>"; };
		C76B93C817C5857800624CFD /* IKBCommandBus.h */ = {isa = PBXFileReference; lastKnownFileType = sourcecode.c.h; path = IKBCommandBus.h; sourceTree = "<group>"; };
		C76B93C917C5857800624CFD /* IKBCommandBus.m */ = {isa = PBXFileReference; lastKnownFileType = sourcecode.c.objc; path = IKBCommandBus.m; sourceTree = "<group>"; };
		C76B93CA17C5857800624CFD /* IKBCommandHandler.h */ = {isa = PBXFileReference; lastKnownFileType = sourcecode.c.h; path = IKBCommandHandler.h; sourceTree = "<group>"; };
		C76B93CD17C5857800624CFD /* en */ = {isa = PBXFileReference; lastKnownFileType = text.plist.strings; name = en; path = en.lproj/InfoPlist.strings; sourceTree = "<group>"; };
		C76B93CE17C5857800624CFD /* IKBCommandBus-Info.plist */ = {isa = PBXFileReference; lastKnownFileType = text.plist.xml; path = "IKBCommandBus-Info.plist"; sourceTree = "<group>"; };
		C76B93CF17C5857800624CFD /* IKBCommandBus-Prefix.pch */ = {isa = PBXFileReference; lastKnownFileType = sourcecode.c.h; path = "IKBCommandBus-Prefix.pch"; sourceTree = "<group>"; };
		C76B93D717C5858E00624CFD /* Foundation.framework */ = {isa = PBXFileReference; lastKnownFileType = wrapper.framework; name = Foundation.framework; path = System/Library/Frameworks/Foundation.framework; sourceTree = SDKROOT; };
		C76B93E517C5858E00624CFD /* XCTest.framework */ = {isa = PBXFileReference; lastKnownFileType = wrapper.framework; name = XCTest.framework; path = Library/Frameworks/XCTest.framework; sourceTree = DEVELOPER_DIR; };
		C76B93E817C5858E00624CFD /* UIKit.framework */ = {isa = PBXFileReference; lastKnownFileType = wrapper.framework; name = UIKit.framework; path = Library/Frameworks/UIKit.framework; sourceTree = DEVELOPER_DIR; };
		C76B93FC17C5862D00624CFD /* IKBCommandBusTests.h */ = {isa = PBXFileReference; fileEncoding = 4; lastKnownFileType = sourcecode.c.h; path = IKBCommandBusTests.h; sourceTree = "<group>"; };
		C76B93FD17C5862D00624CFD /* IKBCommandBusTests.m */ = {isa = PBXFileReference; fileEncoding = 4; lastKnownFileType = sourcecode.c.objc; path = IKBCommandBusTests.m; sourceTree = "<group>"; };
		C76B940017C5862D00624CFD /* en */ = {isa = PBXFileReference; lastKnownFileType = text.plist.strings; name = en; path = en.lproj/InfoPlist.strings; sourceTree = "<group>"; };
		C76B940117C5862D00624CFD /* IKBCommandBusTests-Info.plist */ = {isa = PBXFileReference; fileEncoding = 4; lastKnownFileType = text.plist.xml; path = "IKBCommandBusTests-Info.plist"; sourceTree = "<group>"; };
		C79860821866650300D9617B /* UIApplication+IKBCommandBus.h */ = {isa = PBXFileReference; fileEncoding = 4; lastKnownFileType = sourcecode.c.h; path = "UIApplication+IKBCommandBus.h"; sourceTree = "<group>"; };
		C79860831866650300D9617B /* UIApplication+IKBCommandBus.m */ = {isa = PBXFileReference; fileEncoding = 4; lastKnownFileType = sourcecode.c.objc; path = "UIApplication+IKBCommandBus.m"; sourceTree = "<group>"; };
		C79860851866653900D9617B /* UIKit.framework */ = {isa = PBXFileReference; lastKnownFileType = wrapper.framework; name = UIKit.framework; path = Platforms/iPhoneOS.platform/Developer/SDKs/iPhoneOS7.1.sdk/System/Library/Frameworks/UIKit.framework; sourceTree = DEVELOPER_DIR; };
		C7F5450D18666F42000A7BB5 /* libIKBCommandBus-iOS.a */ = {isa = PBXFileReference; explicitFileType = archive.ar; includeInIndex = 0; path = "libIKBCommandBus-iOS.a"; sourceTree = BUILT_PRODUCTS_DIR; };
		C7F5451A18666F42000A7BB5 /* IKBCommandBusTests.xctest */ = {isa = PBXFileReference; explicitFileType = wrapper.cfbundle; includeInIndex = 0; path = IKBCommandBusTests.xctest; sourceTree = BUILT_PRODUCTS_DIR; };
		C7F5452318666F42000A7BB5 /* IKBCommandBusTests-Info.plist */ = {isa = PBXFileReference; lastKnownFileType = text.plist.xml; path = "IKBCommandBusTests-Info.plist"; sourceTree = "<group>"; };
		C7F5452518666F42000A7BB5 /* en */ = {isa = PBXFileReference; lastKnownFileType = text.plist.strings; name = en; path = en.lproj/InfoPlist.strings; sourceTree = "<group>"; };
		C7F5452718666F42000A7BB5 /* IKBCommandBusTests.m */ = {isa = PBXFileReference; lastKnownFileType = sourcecode.c.objc; path = IKBCommandBusTests.m; sourceTree = "<group>"; };
/* End PBXFileReference section */

/* Begin PBXFrameworksBuildPhase section */
		C7F5450A18666F42000A7BB5 /* Frameworks */ = {
			isa = PBXFrameworksBuildPhase;
			buildActionMask = 2147483647;
			files = (
				C7F5450E18666F42000A7BB5 /* Foundation.framework in Frameworks */,
			);
			runOnlyForDeploymentPostprocessing = 0;
		};
		C7F5451718666F42000A7BB5 /* Frameworks */ = {
			isa = PBXFrameworksBuildPhase;
			buildActionMask = 2147483647;
			files = (
				C7F5451B18666F42000A7BB5 /* XCTest.framework in Frameworks */,
				C7F5451D18666F42000A7BB5 /* UIKit.framework in Frameworks */,
				C7F5451C18666F42000A7BB5 /* Foundation.framework in Frameworks */,
				C7F5452018666F42000A7BB5 /* libIKBCommandBus-iOS.a in Frameworks */,
			);
			runOnlyForDeploymentPostprocessing = 0;
		};
/* End PBXFrameworksBuildPhase section */

/* Begin PBXGroup section */
		C75F131617C58555008B622B = {
			isa = PBXGroup;
			children = (
				C76B93C517C5857800624CFD /* Library */,
				C76B93FB17C5862D00624CFD /* Tests */,
				C7F5452118666F42000A7BB5 /* IKBCommandBusTests */,
				C76B93D617C5858E00624CFD /* Frameworks */,
				C76B93D517C5858E00624CFD /* Products */,
			);
			sourceTree = "<group>";
		};
		C76B93C517C5857800624CFD /* Library */ = {
			isa = PBXGroup;
			children = (
				C79860821866650300D9617B /* UIApplication+IKBCommandBus.h */,
				C79860831866650300D9617B /* UIApplication+IKBCommandBus.m */,
				C76B93C617C5857800624CFD /* IKBCommand.h */,
				C76B93C717C5857800624CFD /* IKBCommandBus+Extension.h */,
				C76B93C817C5857800624CFD /* IKBCommandBus.h */,
				C76B93C917C5857800624CFD /* IKBCommandBus.m */,
				C76B93CA17C5857800624CFD /* IKBCommandHandler.h */,
				C76B93CB17C5857800624CFD /* Support */,
			);
			path = Library;
			sourceTree = "<group>";
		};
		C76B93CB17C5857800624CFD /* Support */ = {
			isa = PBXGroup;
			children = (
				C76B93CC17C5857800624CFD /* InfoPlist.strings */,
				C76B93CE17C5857800624CFD /* IKBCommandBus-Info.plist */,
				C76B93CF17C5857800624CFD /* IKBCommandBus-Prefix.pch */,
			);
			path = Support;
			sourceTree = "<group>";
		};
		C76B93D517C5858E00624CFD /* Products */ = {
			isa = PBXGroup;
			children = (
				C7F5450D18666F42000A7BB5 /* libIKBCommandBus-iOS.a */,
				C7F5451A18666F42000A7BB5 /* IKBCommandBusTests.xctest */,
			);
			name = Products;
			sourceTree = "<group>";
		};
		C76B93D617C5858E00624CFD /* Frameworks */ = {
			isa = PBXGroup;
			children = (
				C79860851866653900D9617B /* UIKit.framework */,
				C76B93D717C5858E00624CFD /* Foundation.framework */,
				C76B93E517C5858E00624CFD /* XCTest.framework */,
				C76B93E817C5858E00624CFD /* UIKit.framework */,
			);
			name = Frameworks;
			sourceTree = "<group>";
		};
		C76B93FB17C5862D00624CFD /* Tests */ = {
			isa = PBXGroup;
			children = (
				C76B93FC17C5862D00624CFD /* IKBCommandBusTests.h */,
				C76B93FD17C5862D00624CFD /* IKBCommandBusTests.m */,
				C76B93FE17C5862D00624CFD /* Support */,
			);
			path = Tests;
			sourceTree = "<group>";
		};
		C76B93FE17C5862D00624CFD /* Support */ = {
			isa = PBXGroup;
			children = (
				C76B93FF17C5862D00624CFD /* InfoPlist.strings */,
				C76B940117C5862D00624CFD /* IKBCommandBusTests-Info.plist */,
			);
			path = Support;
			sourceTree = "<group>";
		};
		C7F5452118666F42000A7BB5 /* IKBCommandBusTests */ = {
			isa = PBXGroup;
			children = (
				C7F5452718666F42000A7BB5 /* IKBCommandBusTests.m */,
				C7F5452218666F42000A7BB5 /* Supporting Files */,
			);
			path = IKBCommandBusTests;
			sourceTree = "<group>";
		};
		C7F5452218666F42000A7BB5 /* Supporting Files */ = {
			isa = PBXGroup;
			children = (
				C7F5452318666F42000A7BB5 /* IKBCommandBusTests-Info.plist */,
				C7F5452418666F42000A7BB5 /* InfoPlist.strings */,
			);
			name = "Supporting Files";
			sourceTree = "<group>";
		};
/* End PBXGroup section */

/* Begin PBXNativeTarget section */
		C7F5450C18666F42000A7BB5 /* IKBCommandBus-iOS */ = {
			isa = PBXNativeTarget;
			buildConfigurationList = C7F5452918666F42000A7BB5 /* Build configuration list for PBXNativeTarget "IKBCommandBus-iOS" */;
			buildPhases = (
				C7F5450918666F42000A7BB5 /* Sources */,
				C7F5450A18666F42000A7BB5 /* Frameworks */,
				C7F5450B18666F42000A7BB5 /* CopyFiles */,
			);
			buildRules = (
			);
			dependencies = (
			);
			name = "IKBCommandBus-iOS";
			productName = IKBCommandBus;
			productReference = C7F5450D18666F42000A7BB5 /* libIKBCommandBus-iOS.a */;
			productType = "com.apple.product-type.library.static";
		};
		C7F5451918666F42000A7BB5 /* IKBCommandBusTests */ = {
			isa = PBXNativeTarget;
			buildConfigurationList = C7F5452C18666F42000A7BB5 /* Build configuration list for PBXNativeTarget "IKBCommandBusTests" */;
			buildPhases = (
				C7F5451618666F42000A7BB5 /* Sources */,
				C7F5451718666F42000A7BB5 /* Frameworks */,
				C7F5451818666F42000A7BB5 /* Resources */,
			);
			buildRules = (
			);
			dependencies = (
				C7F5451F18666F42000A7BB5 /* PBXTargetDependency */,
			);
			name = IKBCommandBusTests;
			productName = IKBCommandBusTests;
			productReference = C7F5451A18666F42000A7BB5 /* IKBCommandBusTests.xctest */;
			productType = "com.apple.product-type.bundle.unit-test";
		};
/* End PBXNativeTarget section */

/* Begin PBXProject section */
		C75F131717C58555008B622B /* Project object */ = {
			isa = PBXProject;
			attributes = {
				LastUpgradeCheck = 0500;
			};
			buildConfigurationList = C75F131A17C58555008B622B /* Build configuration list for PBXProject "IKBCommandBus" */;
			compatibilityVersion = "Xcode 3.2";
			developmentRegion = English;
			hasScannedForEncodings = 0;
			knownRegions = (
				en,
			);
			mainGroup = C75F131617C58555008B622B;
			productRefGroup = C76B93D517C5858E00624CFD /* Products */;
			projectDirPath = "";
			projectRoot = "";
			targets = (
				C7F5450C18666F42000A7BB5 /* IKBCommandBus-iOS */,
				C7F5451918666F42000A7BB5 /* IKBCommandBusTests */,
			);
		};
/* End PBXProject section */

/* Begin PBXResourcesBuildPhase section */
		C7F5451818666F42000A7BB5 /* Resources */ = {
			isa = PBXResourcesBuildPhase;
			buildActionMask = 2147483647;
			files = (
				C7F5452618666F42000A7BB5 /* InfoPlist.strings in Resources */,
			);
			runOnlyForDeploymentPostprocessing = 0;
		};
/* End PBXResourcesBuildPhase section */

/* Begin PBXSourcesBuildPhase section */
		C7F5450918666F42000A7BB5 /* Sources */ = {
			isa = PBXSourcesBuildPhase;
			buildActionMask = 2147483647;
			files = (
				C7F5452F18666FF7000A7BB5 /* UIApplication+IKBCommandBus.m in Sources */,
				C7F5453018666FF7000A7BB5 /* IKBCommandBus.m in Sources */,
			);
			runOnlyForDeploymentPostprocessing = 0;
		};
		C7F5451618666F42000A7BB5 /* Sources */ = {
			isa = PBXSourcesBuildPhase;
			buildActionMask = 2147483647;
			files = (
				C7F5452818666F42000A7BB5 /* IKBCommandBusTests.m in Sources */,
			);
			runOnlyForDeploymentPostprocessing = 0;
		};
/* End PBXSourcesBuildPhase section */

/* Begin PBXTargetDependency section */
		C7F5451F18666F42000A7BB5 /* PBXTargetDependency */ = {
			isa = PBXTargetDependency;
			target = C7F5450C18666F42000A7BB5 /* IKBCommandBus-iOS */;
			targetProxy = C7F5451E18666F42000A7BB5 /* PBXContainerItemProxy */;
		};
/* End PBXTargetDependency section */

/* Begin PBXVariantGroup section */
		C76B93CC17C5857800624CFD /* InfoPlist.strings */ = {
			isa = PBXVariantGroup;
			children = (
				C76B93CD17C5857800624CFD /* en */,
			);
			name = InfoPlist.strings;
			sourceTree = "<group>";
		};
		C76B93FF17C5862D00624CFD /* InfoPlist.strings */ = {
			isa = PBXVariantGroup;
			children = (
				C76B940017C5862D00624CFD /* en */,
			);
			name = InfoPlist.strings;
			sourceTree = "<group>";
		};
		C7F5452418666F42000A7BB5 /* InfoPlist.strings */ = {
			isa = PBXVariantGroup;
			children = (
				C7F5452518666F42000A7BB5 /* en */,
			);
			name = InfoPlist.strings;
			sourceTree = "<group>";
		};
/* End PBXVariantGroup section */

/* Begin XCBuildConfiguration section */
		C75F131B17C58555008B622B /* Debug */ = {
			isa = XCBuildConfiguration;
			buildSettings = {
				ONLY_ACTIVE_ARCH = YES;
			};
			name = Debug;
		};
		C75F131C17C58555008B622B /* Release */ = {
			isa = XCBuildConfiguration;
			buildSettings = {
			};
			name = Release;
		};
		C7F5452A18666F42000A7BB5 /* Debug */ = {
			isa = XCBuildConfiguration;
			buildSettings = {
				ALWAYS_SEARCH_USER_PATHS = NO;
				ARCHS = "$(ARCHS_STANDARD_INCLUDING_64_BIT)";
				CLANG_CXX_LANGUAGE_STANDARD = "gnu++0x";
				CLANG_CXX_LIBRARY = "libc++";
				CLANG_ENABLE_MODULES = YES;
				CLANG_ENABLE_OBJC_ARC = YES;
				CLANG_WARN_BOOL_CONVERSION = YES;
				CLANG_WARN_CONSTANT_CONVERSION = YES;
				CLANG_WARN_DIRECT_OBJC_ISA_USAGE = YES_ERROR;
				CLANG_WARN_EMPTY_BODY = YES;
				CLANG_WARN_ENUM_CONVERSION = YES;
				CLANG_WARN_INT_CONVERSION = YES;
				CLANG_WARN_OBJC_ROOT_CLASS = YES_ERROR;
				CLANG_WARN__DUPLICATE_METHOD_MATCH = YES;
				COPY_PHASE_STRIP = NO;
				DSTROOT = /tmp/IKBCommandBus.dst;
				GCC_C_LANGUAGE_STANDARD = gnu99;
				GCC_DYNAMIC_NO_PIC = NO;
				GCC_OPTIMIZATION_LEVEL = 0;
				GCC_PRECOMPILE_PREFIX_HEADER = YES;
				GCC_PREFIX_HEADER = "$(SRCROOT)/Library/Support/IKBCommandBus-Prefix.pch";
				GCC_PREPROCESSOR_DEFINITIONS = (
					"DEBUG=1",
					"$(inherited)",
				);
				GCC_SYMBOLS_PRIVATE_EXTERN = NO;
				GCC_WARN_64_TO_32_BIT_CONVERSION = YES;
				GCC_WARN_ABOUT_RETURN_TYPE = YES_ERROR;
				GCC_WARN_UNDECLARED_SELECTOR = YES;
				GCC_WARN_UNINITIALIZED_AUTOS = YES_AGGRESSIVE;
				GCC_WARN_UNUSED_FUNCTION = YES;
				GCC_WARN_UNUSED_VARIABLE = YES;
				IPHONEOS_DEPLOYMENT_TARGET = 7.1;
				OTHER_LDFLAGS = "-ObjC";
				PRODUCT_NAME = "$(TARGET_NAME)";
				SDKROOT = iphoneos;
				SKIP_INSTALL = YES;
			};
			name = Debug;
		};
		C7F5452B18666F42000A7BB5 /* Release */ = {
			isa = XCBuildConfiguration;
			buildSettings = {
				ALWAYS_SEARCH_USER_PATHS = NO;
				ARCHS = "$(ARCHS_STANDARD_INCLUDING_64_BIT)";
				CLANG_CXX_LANGUAGE_STANDARD = "gnu++0x";
				CLANG_CXX_LIBRARY = "libc++";
				CLANG_ENABLE_MODULES = YES;
				CLANG_ENABLE_OBJC_ARC = YES;
				CLANG_WARN_BOOL_CONVERSION = YES;
				CLANG_WARN_CONSTANT_CONVERSION = YES;
				CLANG_WARN_DIRECT_OBJC_ISA_USAGE = YES_ERROR;
				CLANG_WARN_EMPTY_BODY = YES;
				CLANG_WARN_ENUM_CONVERSION = YES;
				CLANG_WARN_INT_CONVERSION = YES;
				CLANG_WARN_OBJC_ROOT_CLASS = YES_ERROR;
				CLANG_WARN__DUPLICATE_METHOD_MATCH = YES;
				COPY_PHASE_STRIP = YES;
				DSTROOT = /tmp/IKBCommandBus.dst;
				ENABLE_NS_ASSERTIONS = NO;
				GCC_C_LANGUAGE_STANDARD = gnu99;
				GCC_PRECOMPILE_PREFIX_HEADER = YES;
				GCC_PREFIX_HEADER = "$(SRCROOT)/Library/Support/IKBCommandBus-Prefix.pch";
				GCC_WARN_64_TO_32_BIT_CONVERSION = YES;
				GCC_WARN_ABOUT_RETURN_TYPE = YES_ERROR;
				GCC_WARN_UNDECLARED_SELECTOR = YES;
				GCC_WARN_UNINITIALIZED_AUTOS = YES_AGGRESSIVE;
				GCC_WARN_UNUSED_FUNCTION = YES;
				GCC_WARN_UNUSED_VARIABLE = YES;
				IPHONEOS_DEPLOYMENT_TARGET = 7.1;
				OTHER_LDFLAGS = "-ObjC";
				PRODUCT_NAME = "$(TARGET_NAME)";
				SDKROOT = iphoneos;
				SKIP_INSTALL = YES;
				VALIDATE_PRODUCT = YES;
			};
			name = Release;
		};
		C7F5452D18666F42000A7BB5 /* Debug */ = {
			isa = XCBuildConfiguration;
			buildSettings = {
				ALWAYS_SEARCH_USER_PATHS = NO;
				ARCHS = "$(ARCHS_STANDARD_INCLUDING_64_BIT)";
				CLANG_CXX_LANGUAGE_STANDARD = "gnu++0x";
				CLANG_CXX_LIBRARY = "libc++";
				CLANG_ENABLE_MODULES = YES;
				CLANG_ENABLE_OBJC_ARC = YES;
				CLANG_WARN_BOOL_CONVERSION = YES;
				CLANG_WARN_CONSTANT_CONVERSION = YES;
				CLANG_WARN_DIRECT_OBJC_ISA_USAGE = YES_ERROR;
				CLANG_WARN_EMPTY_BODY = YES;
				CLANG_WARN_ENUM_CONVERSION = YES;
				CLANG_WARN_INT_CONVERSION = YES;
				CLANG_WARN_OBJC_ROOT_CLASS = YES_ERROR;
				CLANG_WARN__DUPLICATE_METHOD_MATCH = YES;
				COPY_PHASE_STRIP = NO;
				FRAMEWORK_SEARCH_PATHS = (
					"$(SDKROOT)/Developer/Library/Frameworks",
					"$(inherited)",
					"$(DEVELOPER_FRAMEWORKS_DIR)",
				);
				GCC_C_LANGUAGE_STANDARD = gnu99;
				GCC_DYNAMIC_NO_PIC = NO;
				GCC_OPTIMIZATION_LEVEL = 0;
				GCC_PRECOMPILE_PREFIX_HEADER = YES;
				GCC_PREFIX_HEADER = "IKBCommandBus/IKBCommandBus-Prefix.pch";
				GCC_PREPROCESSOR_DEFINITIONS = (
					"DEBUG=1",
					"$(inherited)",
				);
				GCC_SYMBOLS_PRIVATE_EXTERN = NO;
				GCC_WARN_64_TO_32_BIT_CONVERSION = YES;
				GCC_WARN_ABOUT_RETURN_TYPE = YES_ERROR;
				GCC_WARN_UNDECLARED_SELECTOR = YES;
				GCC_WARN_UNINITIALIZED_AUTOS = YES_AGGRESSIVE;
				GCC_WARN_UNUSED_FUNCTION = YES;
				GCC_WARN_UNUSED_VARIABLE = YES;
				INFOPLIST_FILE = "IKBCommandBusTests/IKBCommandBusTests-Info.plist";
				IPHONEOS_DEPLOYMENT_TARGET = 7.1;
				PRODUCT_NAME = "$(TARGET_NAME)";
				SDKROOT = iphoneos;
				WRAPPER_EXTENSION = xctest;
			};
			name = Debug;
		};
		C7F5452E18666F42000A7BB5 /* Release */ = {
			isa = XCBuildConfiguration;
			buildSettings = {
				ALWAYS_SEARCH_USER_PATHS = NO;
				ARCHS = "$(ARCHS_STANDARD_INCLUDING_64_BIT)";
				CLANG_CXX_LANGUAGE_STANDARD = "gnu++0x";
				CLANG_CXX_LIBRARY = "libc++";
				CLANG_ENABLE_MODULES = YES;
				CLANG_ENABLE_OBJC_ARC = YES;
				CLANG_WARN_BOOL_CONVERSION = YES;
				CLANG_WARN_CONSTANT_CONVERSION = YES;
				CLANG_WARN_DIRECT_OBJC_ISA_USAGE = YES_ERROR;
				CLANG_WARN_EMPTY_BODY = YES;
				CLANG_WARN_ENUM_CONVERSION = YES;
				CLANG_WARN_INT_CONVERSION = YES;
				CLANG_WARN_OBJC_ROOT_CLASS = YES_ERROR;
				CLANG_WARN__DUPLICATE_METHOD_MATCH = YES;
				COPY_PHASE_STRIP = YES;
				ENABLE_NS_ASSERTIONS = NO;
				FRAMEWORK_SEARCH_PATHS = (
					"$(SDKROOT)/Developer/Library/Frameworks",
					"$(inherited)",
					"$(DEVELOPER_FRAMEWORKS_DIR)",
				);
				GCC_C_LANGUAGE_STANDARD = gnu99;
				GCC_PRECOMPILE_PREFIX_HEADER = YES;
				GCC_PREFIX_HEADER = "IKBCommandBus/IKBCommandBus-Prefix.pch";
				GCC_WARN_64_TO_32_BIT_CONVERSION = YES;
				GCC_WARN_ABOUT_RETURN_TYPE = YES_ERROR;
				GCC_WARN_UNDECLARED_SELECTOR = YES;
				GCC_WARN_UNINITIALIZED_AUTOS = YES_AGGRESSIVE;
				GCC_WARN_UNUSED_FUNCTION = YES;
				GCC_WARN_UNUSED_VARIABLE = YES;
				INFOPLIST_FILE = "IKBCommandBusTests/IKBCommandBusTests-Info.plist";
				IPHONEOS_DEPLOYMENT_TARGET = 7.1;
				PRODUCT_NAME = "$(TARGET_NAME)";
				SDKROOT = iphoneos;
				VALIDATE_PRODUCT = YES;
				WRAPPER_EXTENSION = xctest;
			};
			name = Release;
		};
/* End XCBuildConfiguration section */

/* Begin XCConfigurationList section */
		C75F131A17C58555008B622B /* Build configuration list for PBXProject "IKBCommandBus" */ = {
			isa = XCConfigurationList;
			buildConfigurations = (
				C75F131B17C58555008B622B /* Debug */,
				C75F131C17C58555008B622B /* Release */,
			);
			defaultConfigurationIsVisible = 0;
			defaultConfigurationName = Release;
		};
		C7F5452918666F42000A7BB5 /* Build configuration list for PBXNativeTarget "IKBCommandBus-iOS" */ = {
			isa = XCConfigurationList;
			buildConfigurations = (
				C7F5452A18666F42000A7BB5 /* Debug */,
				C7F5452B18666F42000A7BB5 /* Release */,
			);
			defaultConfigurationIsVisible = 0;
		};
		C7F5452C18666F42000A7BB5 /* Build configuration list for PBXNativeTarget "IKBCommandBusTests" */ = {
			isa = XCConfigurationList;
			buildConfigurations = (
				C7F5452D18666F42000A7BB5 /* Debug */,
				C7F5452E18666F42000A7BB5 /* Release */,
			);
			defaultConfigurationIsVisible = 0;
		};
/* End XCConfigurationList section */
	};
	rootObject = C75F131717C58555008B622B /* Project object */;
}
